PODS:
  - FBSnapshotTestCase (2.1.4):
    - FBSnapshotTestCase/SwiftSupport (= 2.1.4)
  - FBSnapshotTestCase/Core (2.1.4)
  - FBSnapshotTestCase/SwiftSupport (2.1.4):
    - FBSnapshotTestCase/Core
  - HZFaceRecognition (0.1.0):
    - SnapKit
    - Then
  - SnapKit (5.6.0)
  - Then (3.0.0)

DEPENDENCIES:
  - FBSnapshotTestCase
  - HZFaceRecognition (from `../`)

SPEC REPOS:
  trunk:
    - FBSnapshotTestCase
    - SnapKit
    - Then

EXTERNAL SOURCES:
  HZFaceRecognition:
    :path: "../"

SPEC CHECKSUMS:
  FBSnapshotTestCase: 094f9f314decbabe373b87cc339bea235a63e07a
  HZFaceRecognition: 5d9ccd16f4bac709ef4c4e020b5d2c656c181220
  SnapKit: e01d52ebb8ddbc333eefe2132acf85c8227d9c25
  Then: 844265ae87834bbe1147d91d5d41a404da2ec27d

PODFILE CHECKSUM: e9e47761f60c3e6f6c3619400039b78be4129bf1

COCOAPODS: 1.11.3
