PODS:
  - AFNetworking (4.0.1):
    - AFNetworking/NSURLSession (= 4.0.1)
    - AFNetworking/Reachability (= 4.0.1)
    - AFNetworking/Security (= 4.0.1)
    - AFNetworking/Serialization (= 4.0.1)
    - AFNetworking/UIKit (= 4.0.1)
  - AFNetworking/NSURLSession (4.0.1):
    - AFNetworking/Reachability
    - AFNetworking/Security
    - AFNetworking/Serialization
  - AFNetworking/Reachability (4.0.1)
  - AFNetworking/Security (4.0.1)
  - AFNetworking/Serialization (4.0.1)
  - AFNetworking/UIKit (4.0.1):
    - AFNetworking/NSURLSession
  - boost (1.76.0)
  - CocoaLumberjack (3.7.4):
    - CocoaLumberjack/Core (= 3.7.4)
  - CocoaLumberjack/Core (3.7.4)
  - DoubleConversion (1.1.6)
  - FBLazyVector (0.68.2)
  - FBReactNativeSpec (0.68.2):
    - RCT-Folly (= 2021.06.28.00-v2)
    - RCTRequired (= 0.68.2)
    - RCTTypeSafety (= 0.68.2)
    - React-Core (= 0.68.2)
    - React-jsi (= 0.68.2)
    - ReactCommon/turbomodule/core (= 0.68.2)
  - fmt (6.2.1)
  - glog (0.3.5)
  - HZFaceRecognition (0.1.0):
    - HZOCLib
    - HZSwiftLib
    - HZThemeManager
    - QMUIKit (~> 4.4.3)
  - HZHome (0.1.0):
    - HZMedidator
    - HZOCLib
    - HZThemeManager
    - MJExtension (~> 3.4.1)
    - MJRefresh (~> 3.7.5)
    - QMUIKit (~> 4.4.3)
    - React
    - SDCycleScrollView (>= 1.82)
    - SDWebImage (~> 5.13.0)
  - HZLogin (0.1.0):
    - HZFaceRecognition
    - HZMedidator
    - HZOCLib
    - HZThemeManager
    - QMUIKit (~> 4.4.3)
  - HZMain (0.1.0):
    - HZHome
    - HZMine
    - HZOCLib
    - HZThemeManager
    - QMUIKit (~> 4.4.3)
  - HZMedidator (0.1.0):
    - HZUserManager
  - HZMine (0.1.0):
    - HZMedidator
    - HZOCLib
    - HZThemeManager
    - QMUIKit (~> 4.4.3)
  - HZOCLib (0.1.0):
    - HZThemeManager
    - Masonry (~> 1.1.0)
    - MBProgressHUD (~> 1.2.0)
    - MJExtension (~> 3.4.1)
    - QMUIKit (~> 4.4.3)
    - SVGKit
  - HZSwiftLib (0.1.0):
    - HZOCLib
    - SnapKit
    - Then
  - HZThemeManager (0.1.0):
    - QMUIKit (~> 4.4.3)
  - HZUserManager (0.1.0):
    - HZOCLib
  - IQKeyboardManager (6.5.10)
  - Masonry (1.1.0)
  - MBProgressHUD (1.2.0)
  - MJExtension (3.4.1)
  - MJRefresh (3.7.5)
  - QMUIKit (4.4.3):
    - QMUIKit/QMUIComponents (= 4.4.3)
    - QMUIKit/QMUICore (= 4.4.3)
    - QMUIKit/QMUILog (= 4.4.3)
    - QMUIKit/QMUIMainFrame (= 4.4.3)
    - QMUIKit/QMUIResources (= 4.4.3)
    - QMUIKit/QMUIWeakObjectContainer (= 4.4.3)
  - QMUIKit/QMUIComponents (4.4.3):
    - QMUIKit/QMUIComponents/NavigationBarTransition (= 4.4.3)
    - QMUIKit/QMUIComponents/QMUIAlertController (= 4.4.3)
    - QMUIKit/QMUIComponents/QMUIAnimation (= 4.4.3)
    - QMUIKit/QMUIComponents/QMUIAppearance (= 4.4.3)
    - QMUIKit/QMUIComponents/QMUIAssetLibrary (= 4.4.3)
    - QMUIKit/QMUIComponents/QMUIBadge (= 4.4.3)
    - QMUIKit/QMUIComponents/QMUIButton (= 4.4.3)
    - QMUIKit/QMUIComponents/QMUICAAnimationExtension (= 4.4.3)
    - QMUIKit/QMUIComponents/QMUICALayerExtension (= 4.4.3)
    - QMUIKit/QMUIComponents/QMUICellHeightCache (= 4.4.3)
    - QMUIKit/QMUIComponents/QMUICellHeightKeyCache (= 4.4.3)
    - QMUIKit/QMUIComponents/QMUICellSizeKeyCache (= 4.4.3)
    - QMUIKit/QMUIComponents/QMUICollectionViewPagingLayout (= 4.4.3)
    - QMUIKit/QMUIComponents/QMUIConsole (= 4.4.3)
    - QMUIKit/QMUIComponents/QMUIDialogViewController (= 4.4.3)
    - QMUIKit/QMUIComponents/QMUIEmotionInputManager (= 4.4.3)
    - QMUIKit/QMUIComponents/QMUIEmotionView (= 4.4.3)
    - QMUIKit/QMUIComponents/QMUIEmptyView (= 4.4.3)
    - QMUIKit/QMUIComponents/QMUIFloatLayoutView (= 4.4.3)
    - QMUIKit/QMUIComponents/QMUIGridView (= 4.4.3)
    - QMUIKit/QMUIComponents/QMUIImagePickerLibrary (= 4.4.3)
    - QMUIKit/QMUIComponents/QMUIImagePreviewView (= 4.4.3)
    - QMUIKit/QMUIComponents/QMUIKeyboardManager (= 4.4.3)
    - QMUIKit/QMUIComponents/QMUILabel (= 4.4.3)
    - QMUIKit/QMUIComponents/QMUILogManagerViewController (= 4.4.3)
    - QMUIKit/QMUIComponents/QMUILogWithConfigurationSupported (= 4.4.3)
    - QMUIKit/QMUIComponents/QMUIMarqueeLabel (= 4.4.3)
    - QMUIKit/QMUIComponents/QMUIModalPresentationViewController (= 4.4.3)
    - QMUIKit/QMUIComponents/QMUIMoreOperationController (= 4.4.3)
    - QMUIKit/QMUIComponents/QMUIMultipleDelegates (= 4.4.3)
    - QMUIKit/QMUIComponents/QMUINavigationButton (= 4.4.3)
    - QMUIKit/QMUIComponents/QMUINavigationTitleView (= 4.4.3)
    - QMUIKit/QMUIComponents/QMUIOrderedDictionary (= 4.4.3)
    - QMUIKit/QMUIComponents/QMUIPieProgressView (= 4.4.3)
    - QMUIKit/QMUIComponents/QMUIPopupContainerView (= 4.4.3)
    - QMUIKit/QMUIComponents/QMUIPopupMenuView (= 4.4.3)
    - QMUIKit/QMUIComponents/QMUIScrollAnimator (= 4.4.3)
    - QMUIKit/QMUIComponents/QMUISearchBar (= 4.4.3)
    - QMUIKit/QMUIComponents/QMUISearchController (= 4.4.3)
    - QMUIKit/QMUIComponents/QMUISegmentedControl (= 4.4.3)
    - QMUIKit/QMUIComponents/QMUIStaticTableView (= 4.4.3)
    - QMUIKit/QMUIComponents/QMUITableView (= 4.4.3)
    - QMUIKit/QMUIComponents/QMUITableViewCell (= 4.4.3)
    - QMUIKit/QMUIComponents/QMUITableViewHeaderFooterView (= 4.4.3)
    - QMUIKit/QMUIComponents/QMUITableViewProtocols (= 4.4.3)
    - QMUIKit/QMUIComponents/QMUITestView (= 4.4.3)
    - QMUIKit/QMUIComponents/QMUITextField (= 4.4.3)
    - QMUIKit/QMUIComponents/QMUITextView (= 4.4.3)
    - QMUIKit/QMUIComponents/QMUITheme (= 4.4.3)
    - QMUIKit/QMUIComponents/QMUITips (= 4.4.3)
    - QMUIKit/QMUIComponents/QMUIToastView (= 4.4.3)
    - QMUIKit/QMUIComponents/QMUIToolbarButton (= 4.4.3)
    - QMUIKit/QMUIComponents/QMUIWindowSizeMonitor (= 4.4.3)
    - QMUIKit/QMUIComponents/QMUIZoomImageView (= 4.4.3)
    - QMUIKit/QMUICore
  - QMUIKit/QMUIComponents/NavigationBarTransition (4.4.3):
    - QMUIKit/QMUIComponents/QMUINavigationTitleView
    - QMUIKit/QMUICore
    - QMUIKit/QMUIMainFrame
  - QMUIKit/QMUIComponents/QMUIAlertController (4.4.3):
    - QMUIKit/QMUIComponents/QMUIAppearance
    - QMUIKit/QMUIComponents/QMUIButton
    - QMUIKit/QMUIComponents/QMUIKeyboardManager
    - QMUIKit/QMUIComponents/QMUILabel
    - QMUIKit/QMUIComponents/QMUIModalPresentationViewController
    - QMUIKit/QMUIComponents/QMUITextField
    - QMUIKit/QMUICore
  - QMUIKit/QMUIComponents/QMUIAnimation (4.4.3):
    - QMUIKit/QMUICore
  - QMUIKit/QMUIComponents/QMUIAppearance (4.4.3):
    - QMUIKit/QMUICore
  - QMUIKit/QMUIComponents/QMUIAssetLibrary (4.4.3):
    - QMUIKit/QMUICore
  - QMUIKit/QMUIComponents/QMUIBadge (4.4.3):
    - QMUIKit/QMUIComponents/QMUILabel
    - QMUIKit/QMUICore
  - QMUIKit/QMUIComponents/QMUIButton (4.4.3):
    - QMUIKit/QMUICore
  - QMUIKit/QMUIComponents/QMUICAAnimationExtension (4.4.3):
    - QMUIKit/QMUIComponents/QMUIMultipleDelegates
    - QMUIKit/QMUICore
  - QMUIKit/QMUIComponents/QMUICALayerExtension (4.4.3):
    - QMUIKit/QMUIComponents/QMUIMultipleDelegates
    - QMUIKit/QMUICore
  - QMUIKit/QMUIComponents/QMUICellHeightCache (4.4.3):
    - QMUIKit/QMUIComponents/QMUITableViewProtocols
    - QMUIKit/QMUICore
  - QMUIKit/QMUIComponents/QMUICellHeightKeyCache (4.4.3):
    - QMUIKit/QMUIComponents/QMUIMultipleDelegates
    - QMUIKit/QMUIComponents/QMUITableViewProtocols
    - QMUIKit/QMUICore
  - QMUIKit/QMUIComponents/QMUICellSizeKeyCache (4.4.3):
    - QMUIKit/QMUIComponents/QMUIMultipleDelegates
    - QMUIKit/QMUICore
  - QMUIKit/QMUIComponents/QMUICollectionViewPagingLayout (4.4.3):
    - QMUIKit/QMUICore
  - QMUIKit/QMUIComponents/QMUIConsole (4.4.3):
    - QMUIKit/QMUIComponents/QMUIButton
    - QMUIKit/QMUIComponents/QMUICAAnimationExtension
    - QMUIKit/QMUIComponents/QMUICellHeightKeyCache
    - QMUIKit/QMUIComponents/QMUIPopupMenuView
    - QMUIKit/QMUIComponents/QMUITableView
    - QMUIKit/QMUIComponents/QMUITableViewCell
    - QMUIKit/QMUIComponents/QMUITextField
    - QMUIKit/QMUIComponents/QMUITextView
    - QMUIKit/QMUICore
    - QMUIKit/QMUIResources
  - QMUIKit/QMUIComponents/QMUIDialogViewController (4.4.3):
    - QMUIKit/QMUIComponents/QMUIAppearance
    - QMUIKit/QMUIComponents/QMUIButton
    - QMUIKit/QMUIComponents/QMUILabel
    - QMUIKit/QMUIComponents/QMUIModalPresentationViewController
    - QMUIKit/QMUIComponents/QMUINavigationTitleView
    - QMUIKit/QMUIComponents/QMUITableView
    - QMUIKit/QMUIComponents/QMUITableViewCell
    - QMUIKit/QMUIComponents/QMUITextField
    - QMUIKit/QMUICore
    - QMUIKit/QMUIMainFrame
  - QMUIKit/QMUIComponents/QMUIEmotionInputManager (4.4.3):
    - QMUIKit/QMUIComponents/QMUIEmotionView
    - QMUIKit/QMUICore
  - QMUIKit/QMUIComponents/QMUIEmotionView (4.4.3):
    - QMUIKit/QMUIComponents/QMUIButton
    - QMUIKit/QMUICore
    - QMUIKit/QMUIResources
  - QMUIKit/QMUIComponents/QMUIEmptyView (4.4.3):
    - QMUIKit/QMUIComponents/QMUIAppearance
    - QMUIKit/QMUIComponents/QMUIButton
    - QMUIKit/QMUICore
  - QMUIKit/QMUIComponents/QMUIFloatLayoutView (4.4.3):
    - QMUIKit/QMUICore
  - QMUIKit/QMUIComponents/QMUIGridView (4.4.3):
    - QMUIKit/QMUICore
  - QMUIKit/QMUIComponents/QMUIImagePickerLibrary (4.4.3):
    - QMUIKit/QMUIComponents/QMUIAlertController
    - QMUIKit/QMUIComponents/QMUIAppearance
    - QMUIKit/QMUIComponents/QMUIAssetLibrary
    - QMUIKit/QMUIComponents/QMUIButton
    - QMUIKit/QMUIComponents/QMUIEmptyView
    - QMUIKit/QMUIComponents/QMUIImagePreviewView
    - QMUIKit/QMUIComponents/QMUINavigationButton
    - QMUIKit/QMUIComponents/QMUITableViewCell
    - QMUIKit/QMUIComponents/QMUIZoomImageView
    - QMUIKit/QMUICore
    - QMUIKit/QMUIMainFrame
    - QMUIKit/QMUIResources
  - QMUIKit/QMUIComponents/QMUIImagePreviewView (4.4.3):
    - QMUIKit/QMUIComponents/QMUIAppearance
    - QMUIKit/QMUIComponents/QMUIButton
    - QMUIKit/QMUIComponents/QMUICollectionViewPagingLayout
    - QMUIKit/QMUIComponents/QMUIEmptyView
    - QMUIKit/QMUIComponents/QMUIPieProgressView
    - QMUIKit/QMUIComponents/QMUIZoomImageView
    - QMUIKit/QMUICore
    - QMUIKit/QMUIMainFrame
  - QMUIKit/QMUIComponents/QMUIKeyboardManager (4.4.3):
    - QMUIKit/QMUIComponents/QMUIAppearance
    - QMUIKit/QMUIComponents/QMUIMultipleDelegates
    - QMUIKit/QMUICore
  - QMUIKit/QMUIComponents/QMUILabel (4.4.3):
    - QMUIKit/QMUICore
  - QMUIKit/QMUIComponents/QMUILogManagerViewController (4.4.3):
    - QMUIKit/QMUIComponents/QMUIPopupMenuView
    - QMUIKit/QMUIComponents/QMUISearchController
    - QMUIKit/QMUIComponents/QMUIStaticTableView
    - QMUIKit/QMUIComponents/QMUITableView
    - QMUIKit/QMUICore
    - QMUIKit/QMUIMainFrame
  - QMUIKit/QMUIComponents/QMUILogWithConfigurationSupported (4.4.3):
    - QMUIKit/QMUICore
  - QMUIKit/QMUIComponents/QMUIMarqueeLabel (4.4.3):
    - QMUIKit/QMUICore
  - QMUIKit/QMUIComponents/QMUIModalPresentationViewController (4.4.3):
    - QMUIKit/QMUIComponents/QMUIAppearance
    - QMUIKit/QMUIComponents/QMUIKeyboardManager
    - QMUIKit/QMUICore
  - QMUIKit/QMUIComponents/QMUIMoreOperationController (4.4.3):
    - QMUIKit/QMUIComponents/QMUIAppearance
    - QMUIKit/QMUIComponents/QMUIButton
    - QMUIKit/QMUIComponents/QMUIModalPresentationViewController
    - QMUIKit/QMUICore
  - QMUIKit/QMUIComponents/QMUIMultipleDelegates (4.4.3):
    - QMUIKit/QMUICore
  - QMUIKit/QMUIComponents/QMUINavigationButton (4.4.3):
    - QMUIKit/QMUICore
    - QMUIKit/QMUIMainFrame
  - QMUIKit/QMUIComponents/QMUINavigationTitleView (4.4.3):
    - QMUIKit/QMUIComponents/QMUIAppearance
    - QMUIKit/QMUIComponents/QMUIButton
    - QMUIKit/QMUICore
  - QMUIKit/QMUIComponents/QMUIOrderedDictionary (4.4.3):
    - QMUIKit/QMUICore
  - QMUIKit/QMUIComponents/QMUIPieProgressView (4.4.3):
    - QMUIKit/QMUICore
  - QMUIKit/QMUIComponents/QMUIPopupContainerView (4.4.3):
    - QMUIKit/QMUIComponents/QMUIAppearance
    - QMUIKit/QMUICore
    - QMUIKit/QMUIMainFrame
  - QMUIKit/QMUIComponents/QMUIPopupMenuView (4.4.3):
    - QMUIKit/QMUIComponents/QMUIButton
    - QMUIKit/QMUIComponents/QMUIPopupContainerView
    - QMUIKit/QMUICore
  - QMUIKit/QMUIComponents/QMUIScrollAnimator (4.4.3):
    - QMUIKit/QMUIComponents/QMUIMultipleDelegates
    - QMUIKit/QMUICore
  - QMUIKit/QMUIComponents/QMUISearchBar (4.4.3):
    - QMUIKit/QMUICore
  - QMUIKit/QMUIComponents/QMUISearchController (4.4.3):
    - QMUIKit/QMUIComponents/QMUIEmptyView
    - QMUIKit/QMUIComponents/QMUISearchBar
    - QMUIKit/QMUICore
    - QMUIKit/QMUIMainFrame
  - QMUIKit/QMUIComponents/QMUISegmentedControl (4.4.3):
    - QMUIKit/QMUICore
  - QMUIKit/QMUIComponents/QMUIStaticTableView (4.4.3):
    - QMUIKit/QMUIComponents/QMUIMultipleDelegates
    - QMUIKit/QMUIComponents/QMUITableViewCell
    - QMUIKit/QMUICore
  - QMUIKit/QMUIComponents/QMUITableView (4.4.3):
    - QMUIKit/QMUIComponents/QMUITableViewProtocols
    - QMUIKit/QMUICore
  - QMUIKit/QMUIComponents/QMUITableViewCell (4.4.3):
    - QMUIKit/QMUIComponents/QMUIButton
    - QMUIKit/QMUICore
  - QMUIKit/QMUIComponents/QMUITableViewHeaderFooterView (4.4.3):
    - QMUIKit/QMUICore
  - QMUIKit/QMUIComponents/QMUITableViewProtocols (4.4.3):
    - QMUIKit/QMUICore
  - QMUIKit/QMUIComponents/QMUITestView (4.4.3):
    - QMUIKit/QMUICore
  - QMUIKit/QMUIComponents/QMUITextField (4.4.3):
    - QMUIKit/QMUIComponents/QMUIMultipleDelegates
    - QMUIKit/QMUICore
  - QMUIKit/QMUIComponents/QMUITextView (4.4.3):
    - QMUIKit/QMUIComponents/QMUILabel
    - QMUIKit/QMUIComponents/QMUIMultipleDelegates
    - QMUIKit/QMUICore
  - QMUIKit/QMUIComponents/QMUITheme (4.4.3):
    - QMUIKit/QMUIComponents/QMUIAlertController
    - QMUIKit/QMUIComponents/QMUIBadge
    - QMUIKit/QMUIComponents/QMUIButton
    - QMUIKit/QMUIComponents/QMUIConsole
    - QMUIKit/QMUIComponents/QMUIEmotionView
    - QMUIKit/QMUIComponents/QMUIEmptyView
    - QMUIKit/QMUIComponents/QMUIGridView
    - QMUIKit/QMUIComponents/QMUIImagePickerLibrary
    - QMUIKit/QMUIComponents/QMUIImagePreviewView
    - QMUIKit/QMUIComponents/QMUILabel
    - QMUIKit/QMUIComponents/QMUIModalPresentationViewController
    - QMUIKit/QMUIComponents/QMUIPopupContainerView
    - QMUIKit/QMUIComponents/QMUIPopupMenuView
    - QMUIKit/QMUIComponents/QMUITextField
    - QMUIKit/QMUIComponents/QMUITextView
    - QMUIKit/QMUIComponents/QMUIToastView
    - QMUIKit/QMUICore
  - QMUIKit/QMUIComponents/QMUITips (4.4.3):
    - QMUIKit/QMUIComponents/QMUIToastView
    - QMUIKit/QMUICore
    - QMUIKit/QMUIResources
  - QMUIKit/QMUIComponents/QMUIToastView (4.4.3):
    - QMUIKit/QMUIComponents/QMUIKeyboardManager
    - QMUIKit/QMUICore
  - QMUIKit/QMUIComponents/QMUIToolbarButton (4.4.3):
    - QMUIKit/QMUICore
  - QMUIKit/QMUIComponents/QMUIWindowSizeMonitor (4.4.3):
    - QMUIKit/QMUICore
  - QMUIKit/QMUIComponents/QMUIZoomImageView (4.4.3):
    - QMUIKit/QMUIComponents/QMUIAssetLibrary
    - QMUIKit/QMUIComponents/QMUIButton
    - QMUIKit/QMUIComponents/QMUIEmptyView
    - QMUIKit/QMUIComponents/QMUIPieProgressView
    - QMUIKit/QMUICore
    - QMUIKit/QMUIResources
  - QMUIKit/QMUICore (4.4.3):
    - QMUIKit/QMUILog
    - QMUIKit/QMUIWeakObjectContainer
  - QMUIKit/QMUILog (4.4.3)
  - QMUIKit/QMUIMainFrame (4.4.3):
    - QMUIKit/QMUIComponents/QMUIEmptyView
    - QMUIKit/QMUIComponents/QMUIKeyboardManager
    - QMUIKit/QMUIComponents/QMUIMultipleDelegates
    - QMUIKit/QMUIComponents/QMUINavigationTitleView
    - QMUIKit/QMUIComponents/QMUITableView
    - QMUIKit/QMUIComponents/QMUITableViewHeaderFooterView
    - QMUIKit/QMUICore
    - QMUIKit/QMUILog
  - QMUIKit/QMUIResources (4.4.3)
  - QMUIKit/QMUIWeakObjectContainer (4.4.3)
  - RCT-Folly (2021.06.28.00-v2):
    - boost
    - DoubleConversion
    - fmt (~> 6.2.1)
    - glog
    - RCT-Folly/Default (= 2021.06.28.00-v2)
  - RCT-Folly/Default (2021.06.28.00-v2):
    - boost
    - DoubleConversion
    - fmt (~> 6.2.1)
    - glog
  - RCTRequired (0.68.2)
  - RCTTypeSafety (0.68.2):
    - FBLazyVector (= 0.68.2)
    - RCT-Folly (= 2021.06.28.00-v2)
    - RCTRequired (= 0.68.2)
    - React-Core (= 0.68.2)
  - React (0.68.2):
    - React-Core (= 0.68.2)
    - React-Core/DevSupport (= 0.68.2)
    - React-Core/RCTWebSocket (= 0.68.2)
    - React-RCTActionSheet (= 0.68.2)
    - React-RCTAnimation (= 0.68.2)
    - React-RCTBlob (= 0.68.2)
    - React-RCTImage (= 0.68.2)
    - React-RCTLinking (= 0.68.2)
    - React-RCTNetwork (= 0.68.2)
    - React-RCTSettings (= 0.68.2)
    - React-RCTText (= 0.68.2)
    - React-RCTVibration (= 0.68.2)
  - React-callinvoker (0.68.2)
  - React-Codegen (0.68.2):
    - FBReactNativeSpec (= 0.68.2)
    - RCT-Folly (= 2021.06.28.00-v2)
    - RCTRequired (= 0.68.2)
    - RCTTypeSafety (= 0.68.2)
    - React-Core (= 0.68.2)
    - React-jsi (= 0.68.2)
    - React-jsiexecutor (= 0.68.2)
    - ReactCommon/turbomodule/core (= 0.68.2)
  - React-Core (0.68.2):
    - glog
    - RCT-Folly (= 2021.06.28.00-v2)
    - React-Core/Default (= 0.68.2)
    - React-cxxreact (= 0.68.2)
    - React-jsi (= 0.68.2)
    - React-jsiexecutor (= 0.68.2)
    - React-perflogger (= 0.68.2)
    - Yoga
  - React-Core/CoreModulesHeaders (0.68.2):
    - glog
    - RCT-Folly (= 2021.06.28.00-v2)
    - React-Core/Default
    - React-cxxreact (= 0.68.2)
    - React-jsi (= 0.68.2)
    - React-jsiexecutor (= 0.68.2)
    - React-perflogger (= 0.68.2)
    - Yoga
  - React-Core/Default (0.68.2):
    - glog
    - RCT-Folly (= 2021.06.28.00-v2)
    - React-cxxreact (= 0.68.2)
    - React-jsi (= 0.68.2)
    - React-jsiexecutor (= 0.68.2)
    - React-perflogger (= 0.68.2)
    - Yoga
  - React-Core/DevSupport (0.68.2):
    - glog
    - RCT-Folly (= 2021.06.28.00-v2)
    - React-Core/Default (= 0.68.2)
    - React-Core/RCTWebSocket (= 0.68.2)
    - React-cxxreact (= 0.68.2)
    - React-jsi (= 0.68.2)
    - React-jsiexecutor (= 0.68.2)
    - React-jsinspector (= 0.68.2)
    - React-perflogger (= 0.68.2)
    - Yoga
  - React-Core/RCTActionSheetHeaders (0.68.2):
    - glog
    - RCT-Folly (= 2021.06.28.00-v2)
    - React-Core/Default
    - React-cxxreact (= 0.68.2)
    - React-jsi (= 0.68.2)
    - React-jsiexecutor (= 0.68.2)
    - React-perflogger (= 0.68.2)
    - Yoga
  - React-Core/RCTAnimationHeaders (0.68.2):
    - glog
    - RCT-Folly (= 2021.06.28.00-v2)
    - React-Core/Default
    - React-cxxreact (= 0.68.2)
    - React-jsi (= 0.68.2)
    - React-jsiexecutor (= 0.68.2)
    - React-perflogger (= 0.68.2)
    - Yoga
  - React-Core/RCTBlobHeaders (0.68.2):
    - glog
    - RCT-Folly (= 2021.06.28.00-v2)
    - React-Core/Default
    - React-cxxreact (= 0.68.2)
    - React-jsi (= 0.68.2)
    - React-jsiexecutor (= 0.68.2)
    - React-perflogger (= 0.68.2)
    - Yoga
  - React-Core/RCTImageHeaders (0.68.2):
    - glog
    - RCT-Folly (= 2021.06.28.00-v2)
    - React-Core/Default
    - React-cxxreact (= 0.68.2)
    - React-jsi (= 0.68.2)
    - React-jsiexecutor (= 0.68.2)
    - React-perflogger (= 0.68.2)
    - Yoga
  - React-Core/RCTLinkingHeaders (0.68.2):
    - glog
    - RCT-Folly (= 2021.06.28.00-v2)
    - React-Core/Default
    - React-cxxreact (= 0.68.2)
    - React-jsi (= 0.68.2)
    - React-jsiexecutor (= 0.68.2)
    - React-perflogger (= 0.68.2)
    - Yoga
  - React-Core/RCTNetworkHeaders (0.68.2):
    - glog
    - RCT-Folly (= 2021.06.28.00-v2)
    - React-Core/Default
    - React-cxxreact (= 0.68.2)
    - React-jsi (= 0.68.2)
    - React-jsiexecutor (= 0.68.2)
    - React-perflogger (= 0.68.2)
    - Yoga
  - React-Core/RCTSettingsHeaders (0.68.2):
    - glog
    - RCT-Folly (= 2021.06.28.00-v2)
    - React-Core/Default
    - React-cxxreact (= 0.68.2)
    - React-jsi (= 0.68.2)
    - React-jsiexecutor (= 0.68.2)
    - React-perflogger (= 0.68.2)
    - Yoga
  - React-Core/RCTTextHeaders (0.68.2):
    - glog
    - RCT-Folly (= 2021.06.28.00-v2)
    - React-Core/Default
    - React-cxxreact (= 0.68.2)
    - React-jsi (= 0.68.2)
    - React-jsiexecutor (= 0.68.2)
    - React-perflogger (= 0.68.2)
    - Yoga
  - React-Core/RCTVibrationHeaders (0.68.2):
    - glog
    - RCT-Folly (= 2021.06.28.00-v2)
    - React-Core/Default
    - React-cxxreact (= 0.68.2)
    - React-jsi (= 0.68.2)
    - React-jsiexecutor (= 0.68.2)
    - React-perflogger (= 0.68.2)
    - Yoga
  - React-Core/RCTWebSocket (0.68.2):
    - glog
    - RCT-Folly (= 2021.06.28.00-v2)
    - React-Core/Default (= 0.68.2)
    - React-cxxreact (= 0.68.2)
    - React-jsi (= 0.68.2)
    - React-jsiexecutor (= 0.68.2)
    - React-perflogger (= 0.68.2)
    - Yoga
  - React-CoreModules (0.68.2):
    - RCT-Folly (= 2021.06.28.00-v2)
    - RCTTypeSafety (= 0.68.2)
    - React-Codegen (= 0.68.2)
    - React-Core/CoreModulesHeaders (= 0.68.2)
    - React-jsi (= 0.68.2)
    - React-RCTImage (= 0.68.2)
    - ReactCommon/turbomodule/core (= 0.68.2)
  - React-cxxreact (0.68.2):
    - boost (= 1.76.0)
    - DoubleConversion
    - glog
    - RCT-Folly (= 2021.06.28.00-v2)
    - React-callinvoker (= 0.68.2)
    - React-jsi (= 0.68.2)
    - React-jsinspector (= 0.68.2)
    - React-logger (= 0.68.2)
    - React-perflogger (= 0.68.2)
    - React-runtimeexecutor (= 0.68.2)
  - React-jsi (0.68.2):
    - boost (= 1.76.0)
    - DoubleConversion
    - glog
    - RCT-Folly (= 2021.06.28.00-v2)
    - React-jsi/Default (= 0.68.2)
  - React-jsi/Default (0.68.2):
    - boost (= 1.76.0)
    - DoubleConversion
    - glog
    - RCT-Folly (= 2021.06.28.00-v2)
  - React-jsiexecutor (0.68.2):
    - DoubleConversion
    - glog
    - RCT-Folly (= 2021.06.28.00-v2)
    - React-cxxreact (= 0.68.2)
    - React-jsi (= 0.68.2)
    - React-perflogger (= 0.68.2)
  - React-jsinspector (0.68.2)
  - React-logger (0.68.2):
    - glog
  - react-native-safe-area-context (4.3.1):
    - RCT-Folly
    - RCTRequired
    - RCTTypeSafety
    - React
    - ReactCommon/turbomodule/core
  - React-perflogger (0.68.2)
  - React-RCTActionSheet (0.68.2):
    - React-Core/RCTActionSheetHeaders (= 0.68.2)
  - React-RCTAnimation (0.68.2):
    - RCT-Folly (= 2021.06.28.00-v2)
    - RCTTypeSafety (= 0.68.2)
    - React-Codegen (= 0.68.2)
    - React-Core/RCTAnimationHeaders (= 0.68.2)
    - React-jsi (= 0.68.2)
    - ReactCommon/turbomodule/core (= 0.68.2)
  - React-RCTBlob (0.68.2):
    - RCT-Folly (= 2021.06.28.00-v2)
    - React-Codegen (= 0.68.2)
    - React-Core/RCTBlobHeaders (= 0.68.2)
    - React-Core/RCTWebSocket (= 0.68.2)
    - React-jsi (= 0.68.2)
    - React-RCTNetwork (= 0.68.2)
    - ReactCommon/turbomodule/core (= 0.68.2)
  - React-RCTImage (0.68.2):
    - RCT-Folly (= 2021.06.28.00-v2)
    - RCTTypeSafety (= 0.68.2)
    - React-Codegen (= 0.68.2)
    - React-Core/RCTImageHeaders (= 0.68.2)
    - React-jsi (= 0.68.2)
    - React-RCTNetwork (= 0.68.2)
    - ReactCommon/turbomodule/core (= 0.68.2)
  - React-RCTLinking (0.68.2):
    - React-Codegen (= 0.68.2)
    - React-Core/RCTLinkingHeaders (= 0.68.2)
    - React-jsi (= 0.68.2)
    - ReactCommon/turbomodule/core (= 0.68.2)
  - React-RCTNetwork (0.68.2):
    - RCT-Folly (= 2021.06.28.00-v2)
    - RCTTypeSafety (= 0.68.2)
    - React-Codegen (= 0.68.2)
    - React-Core/RCTNetworkHeaders (= 0.68.2)
    - React-jsi (= 0.68.2)
    - ReactCommon/turbomodule/core (= 0.68.2)
  - React-RCTSettings (0.68.2):
    - RCT-Folly (= 2021.06.28.00-v2)
    - RCTTypeSafety (= 0.68.2)
    - React-Codegen (= 0.68.2)
    - React-Core/RCTSettingsHeaders (= 0.68.2)
    - React-jsi (= 0.68.2)
    - ReactCommon/turbomodule/core (= 0.68.2)
  - React-RCTText (0.68.2):
    - React-Core/RCTTextHeaders (= 0.68.2)
  - React-RCTVibration (0.68.2):
    - RCT-Folly (= 2021.06.28.00-v2)
    - React-Codegen (= 0.68.2)
    - React-Core/RCTVibrationHeaders (= 0.68.2)
    - React-jsi (= 0.68.2)
    - ReactCommon/turbomodule/core (= 0.68.2)
  - React-runtimeexecutor (0.68.2):
    - React-jsi (= 0.68.2)
  - ReactCommon/turbomodule/core (0.68.2):
    - DoubleConversion
    - glog
    - RCT-Folly (= 2021.06.28.00-v2)
    - React-callinvoker (= 0.68.2)
    - React-Core (= 0.68.2)
    - React-cxxreact (= 0.68.2)
    - React-jsi (= 0.68.2)
    - React-logger (= 0.68.2)
    - React-perflogger (= 0.68.2)
  - RNScreens (3.15.0):
    - React-Core
    - React-RCTImage
  - SDCycleScrollView (1.82):
    - SDWebImage (>= 5.0.0)
  - SDWebImage (5.13.0):
    - SDWebImage/Core (= 5.13.0)
  - SDWebImage/Core (5.13.0)
  - SnapKit (5.6.0)
  - SVGKit (3.0.0):
    - CocoaLumberjack (~> 3.0)
  - Then (3.0.0)
  - Yoga (1.14.0)

DEPENDENCIES:
  - AFNetworking (~> 4.0.1)
  - boost (from `../node_modules/react-native/third-party-podspecs/boost.podspec`)
  - DoubleConversion (from `../node_modules/react-native/third-party-podspecs/DoubleConversion.podspec`)
  - FBLazyVector (from `../node_modules/react-native/Libraries/FBLazyVector`)
  - FBReactNativeSpec (from `../node_modules/react-native/React/FBReactNativeSpec`)
  - glog (from `../node_modules/react-native/third-party-podspecs/glog.podspec`)
  - HZFaceRecognition (from `Lib/HZFaceRecognition`)
  - HZHome (from `Lib/HZHome`)
  - HZLogin (from `Lib/HZLogin`)
  - HZMain (from `Lib/HZMain`)
  - HZMedidator (from `Lib/HZMedidator`)
  - HZMine (from `Lib/HZMine`)
  - HZOCLib (from `Lib/HZOCLib`)
  - HZSwiftLib (from `Lib/HZSwiftLib`)
  - HZThemeManager (from `Lib/HZThemeManager`)
  - HZUserManager (from `Lib/HZUserManager`)
  - IQKeyboardManager (~> 6.5.10)
  - Masonry (~> 1.1.0)
  - MBProgressHUD (~> 1.2.0)
  - MJExtension (~> 3.4.1)
  - MJRefresh (~> 3.7.5)
  - QMUIKit (~> 4.4.3)
  - RCT-Folly (from `../node_modules/react-native/third-party-podspecs/RCT-Folly.podspec`)
  - RCTRequired (from `../node_modules/react-native/Libraries/RCTRequired`)
  - RCTTypeSafety (from `../node_modules/react-native/Libraries/TypeSafety`)
  - React (from `../node_modules/react-native/`)
  - React-callinvoker (from `../node_modules/react-native/ReactCommon/callinvoker`)
  - React-Codegen (from `build/generated/ios`)
  - React-Core (from `../node_modules/react-native/`)
  - React-Core/DevSupport (from `../node_modules/react-native/`)
  - React-Core/RCTWebSocket (from `../node_modules/react-native/`)
  - React-CoreModules (from `../node_modules/react-native/React/CoreModules`)
  - React-cxxreact (from `../node_modules/react-native/ReactCommon/cxxreact`)
  - React-jsi (from `../node_modules/react-native/ReactCommon/jsi`)
  - React-jsiexecutor (from `../node_modules/react-native/ReactCommon/jsiexecutor`)
  - React-jsinspector (from `../node_modules/react-native/ReactCommon/jsinspector`)
  - React-logger (from `../node_modules/react-native/ReactCommon/logger`)
  - react-native-safe-area-context (from `../node_modules/react-native-safe-area-context`)
  - React-perflogger (from `../node_modules/react-native/ReactCommon/reactperflogger`)
  - React-RCTActionSheet (from `../node_modules/react-native/Libraries/ActionSheetIOS`)
  - React-RCTAnimation (from `../node_modules/react-native/Libraries/NativeAnimation`)
  - React-RCTBlob (from `../node_modules/react-native/Libraries/Blob`)
  - React-RCTImage (from `../node_modules/react-native/Libraries/Image`)
  - React-RCTLinking (from `../node_modules/react-native/Libraries/LinkingIOS`)
  - React-RCTNetwork (from `../node_modules/react-native/Libraries/Network`)
  - React-RCTSettings (from `../node_modules/react-native/Libraries/Settings`)
  - React-RCTText (from `../node_modules/react-native/Libraries/Text`)
  - React-RCTVibration (from `../node_modules/react-native/Libraries/Vibration`)
  - React-runtimeexecutor (from `../node_modules/react-native/ReactCommon/runtimeexecutor`)
  - ReactCommon/turbomodule/core (from `../node_modules/react-native/ReactCommon`)
  - RNScreens (from `../node_modules/react-native-screens`)
  - SDCycleScrollView (>= 1.82)
  - SDWebImage (~> 5.13.0)
  - SnapKit
  - SVGKit
  - Then
  - Yoga (from `../node_modules/react-native/ReactCommon/yoga`)

SPEC REPOS:
  trunk:
    - AFNetworking
    - CocoaLumberjack
    - fmt
    - IQKeyboardManager
    - Masonry
    - MBProgressHUD
    - MJExtension
    - MJRefresh
    - QMUIKit
    - SDCycleScrollView
    - SDWebImage
    - SnapKit
    - SVGKit
    - Then

EXTERNAL SOURCES:
  boost:
    :podspec: "../node_modules/react-native/third-party-podspecs/boost.podspec"
  DoubleConversion:
    :podspec: "../node_modules/react-native/third-party-podspecs/DoubleConversion.podspec"
  FBLazyVector:
    :path: "../node_modules/react-native/Libraries/FBLazyVector"
  FBReactNativeSpec:
    :path: "../node_modules/react-native/React/FBReactNativeSpec"
  glog:
    :podspec: "../node_modules/react-native/third-party-podspecs/glog.podspec"
  HZFaceRecognition:
    :path: Lib/HZFaceRecognition
  HZHome:
    :path: Lib/HZHome
  HZLogin:
    :path: Lib/HZLogin
  HZMain:
    :path: Lib/HZMain
  HZMedidator:
    :path: Lib/HZMedidator
  HZMine:
    :path: Lib/HZMine
  HZOCLib:
    :path: Lib/HZOCLib
  HZSwiftLib:
    :path: Lib/HZSwiftLib
  HZThemeManager:
    :path: Lib/HZThemeManager
  HZUserManager:
    :path: Lib/HZUserManager
  RCT-Folly:
    :podspec: "../node_modules/react-native/third-party-podspecs/RCT-Folly.podspec"
  RCTRequired:
    :path: "../node_modules/react-native/Libraries/RCTRequired"
  RCTTypeSafety:
    :path: "../node_modules/react-native/Libraries/TypeSafety"
  React:
    :path: "../node_modules/react-native/"
  React-callinvoker:
    :path: "../node_modules/react-native/ReactCommon/callinvoker"
  React-Codegen:
    :path: build/generated/ios
  React-Core:
    :path: "../node_modules/react-native/"
  React-CoreModules:
    :path: "../node_modules/react-native/React/CoreModules"
  React-cxxreact:
    :path: "../node_modules/react-native/ReactCommon/cxxreact"
  React-jsi:
    :path: "../node_modules/react-native/ReactCommon/jsi"
  React-jsiexecutor:
    :path: "../node_modules/react-native/ReactCommon/jsiexecutor"
  React-jsinspector:
    :path: "../node_modules/react-native/ReactCommon/jsinspector"
  React-logger:
    :path: "../node_modules/react-native/ReactCommon/logger"
  react-native-safe-area-context:
    :path: "../node_modules/react-native-safe-area-context"
  React-perflogger:
    :path: "../node_modules/react-native/ReactCommon/reactperflogger"
  React-RCTActionSheet:
    :path: "../node_modules/react-native/Libraries/ActionSheetIOS"
  React-RCTAnimation:
    :path: "../node_modules/react-native/Libraries/NativeAnimation"
  React-RCTBlob:
    :path: "../node_modules/react-native/Libraries/Blob"
  React-RCTImage:
    :path: "../node_modules/react-native/Libraries/Image"
  React-RCTLinking:
    :path: "../node_modules/react-native/Libraries/LinkingIOS"
  React-RCTNetwork:
    :path: "../node_modules/react-native/Libraries/Network"
  React-RCTSettings:
    :path: "../node_modules/react-native/Libraries/Settings"
  React-RCTText:
    :path: "../node_modules/react-native/Libraries/Text"
  React-RCTVibration:
    :path: "../node_modules/react-native/Libraries/Vibration"
  React-runtimeexecutor:
    :path: "../node_modules/react-native/ReactCommon/runtimeexecutor"
  ReactCommon:
    :path: "../node_modules/react-native/ReactCommon"
  RNScreens:
    :path: "../node_modules/react-native-screens"
  Yoga:
    :path: "../node_modules/react-native/ReactCommon/yoga"

SPEC CHECKSUMS:
  AFNetworking: 7864c38297c79aaca1500c33288e429c3451fdce
  boost: a7c83b31436843459a1961bfd74b96033dc77234
  CocoaLumberjack: 543c79c114dadc3b1aba95641d8738b06b05b646
  DoubleConversion: 831926d9b8bf8166fd87886c4abab286c2422662
  FBLazyVector: a7a655862f6b09625d11c772296b01cd5164b648
  FBReactNativeSpec: 81ce99032d5b586fddd6a38d450f8595f7e04be4
  fmt: ff9d55029c625d3757ed641535fd4a75fedc7ce9
  glog: 476ee3e89abb49e07f822b48323c51c57124b572
  HZFaceRecognition: eda0cbd99f44ecc53115c7e5844aabe66eb6875e
  HZHome: c00e9647836ac015b2cee051451a153d0840fc77
  HZLogin: be99aaa387731a85bb1d0df66b830bfb8db6d3f0
  HZMain: 15cb0addcaa7da200b7bed4c32ae2c3ee28d9541
  HZMedidator: c235e27b360d81210712f4f1d98fae3926088af0
  HZMine: de1fbe60e084f4febb9092f7225f6fa95e6ec8ed
  HZOCLib: 4b9e26fa89a98057bdb358826c5bc470bbe2d5df
  HZSwiftLib: fe7c3d50ec3ca6a3c776c03d590e4085e094a778
  HZThemeManager: 6ea143726910dce6ca3007343653bc81afe39a3d
  HZUserManager: 23d5e7e078d20b3a46e766ca5b65ff576bc2976d
  IQKeyboardManager: 45a1fa55c1a5b02c61ac0fd7fd5b62bb4ad20d97
  Masonry: 678fab65091a9290e40e2832a55e7ab731aad201
  MBProgressHUD: 3ee5efcc380f6a79a7cc9b363dd669c5e1ae7406
  MJExtension: 21c5f6f8c4d5d8844b7ae8fbae08fed0b501f961
  MJRefresh: fdf5e979eb406a0341468932d1dfc8b7f9fce961
  QMUIKit: 5da6e59d5d312681ee45706af42fd3af7b4f55eb
  RCT-Folly: 4d8508a426467c48885f1151029bc15fa5d7b3b8
  RCTRequired: 3e917ea5377751094f38145fdece525aa90545a0
  RCTTypeSafety: c43c072a4bd60feb49a9570b0517892b4305c45e
  React: 176dd882de001854ced260fad41bb68a31aa4bd0
  React-callinvoker: c2864d1818d6e64928d2faf774a3800dfc38fe1f
  React-Codegen: 98b6f97f0a7abf7d67e4ce435c77c05b7a95cf05
  React-Core: fdaa2916b1c893f39f02cff0476d1fb0cab1e352
  React-CoreModules: fd8705b80699ec36c2cdd635c2ce9d874b9cfdfc
  React-cxxreact: 1832d971f7b0cb2c7b943dc0ec962762c90c906e
  React-jsi: 72af715135abe8c3f0dcf3b2548b71d048b69a7e
  React-jsiexecutor: b7b553412f2ec768fe6c8f27cd6bafdb9d8719e6
  React-jsinspector: c5989c77cb89ae6a69561095a61cce56a44ae8e8
  React-logger: a0833912d93b36b791b7a521672d8ee89107aff1
  react-native-safe-area-context: 6c12e3859b6f27b25de4fee8201cfb858432d8de
  React-perflogger: a18b4f0bd933b8b24ecf9f3c54f9bf65180f3fe6
  React-RCTActionSheet: 547fe42fdb4b6089598d79f8e1d855d7c23e2162
  React-RCTAnimation: bc9440a1c37b06ae9ebbb532d244f607805c6034
  React-RCTBlob: a1295c8e183756d7ef30ba6e8f8144dfe8a19215
  React-RCTImage: a30d1ee09b1334067fbb6f30789aae2d7ac150c9
  React-RCTLinking: ffc6d5b88d1cb9aca13c54c2ec6507fbf07f2ac4
  React-RCTNetwork: f807a2facab6cf5cf36d592e634611de9cf12d81
  React-RCTSettings: 861806819226ed8332e6a8f90df2951a34bb3e7f
  React-RCTText: f3fb464cc41a50fc7a1aba4deeb76a9ad8282cb9
  React-RCTVibration: 79040b92bfa9c3c2d2cb4f57e981164ec7ab9374
  React-runtimeexecutor: b960b687d2dfef0d3761fbb187e01812ebab8b23
  ReactCommon: 095366164a276d91ea704ce53cb03825c487a3f2
  RNScreens: 4a1af06327774490d97342c00aee0c2bafb497b7
  SDCycleScrollView: a0d74c3384caa72bdfc81470bdbc8c14b3e1fbcf
  SDWebImage: 0327043dbb9533e75f2eff8445b3df0f2ceca6ac
  SnapKit: e01d52ebb8ddbc333eefe2132acf85c8227d9c25
  SVGKit: 1ad7513f8c74d9652f94ed64ddecda1a23864dea
  Then: 844265ae87834bbe1147d91d5d41a404da2ec27d
  Yoga: 99652481fcd320aefa4a7ef90095b95acd181952

PODFILE CHECKSUM: e7343a0542425c0c3be6092e807e1447e2a76bd1

COCOAPODS: 1.11.3
