// !$*UTF8*$!
{
	archiveVersion = 1;
	classes = {
	};
	objectVersion = 55;
	objects = {

/* Begin PBXBuildFile section */
		4DABF4EEAB24264B75B4CB9D /* Pods_SmartServiceCloud_SmartServiceCloudUITests.framework in Frameworks */ = {isa = PBXBuildFile; fileRef = 444E928B0D7CF39C2D543AFF /* Pods_SmartServiceCloud_SmartServiceCloudUITests.framework */; };
		757E40B64157311EAECBE0B7 /* Pods_SmartServiceCloud.framework in Frameworks */ = {isa = PBXBuildFile; fileRef = E1E088BE5BECBE3475116803 /* Pods_SmartServiceCloud.framework */; };
		A57404761C42E5E7D9111279 /* Pods_SmartServiceCloudTests.framework in Frameworks */ = {isa = PBXBuildFile; fileRef = BB25C5238FCC8AA438164DF4 /* Pods_SmartServiceCloudTests.framework */; };
		E1348273289FB9930068B06A /* AVFoundation.framework in Frameworks */ = {isa = PBXBuildFile; fileRef = E1348272289FB9930068B06A /* AVFoundation.framework */; };
		E135B489288A4A4200BAB6D9 /* AppDelegate.m in Sources */ = {isa = PBXBuildFile; fileRef = E135B488288A4A4200BAB6D9 /* AppDelegate.m */; };
		E135B492288A4A4200BAB6D9 /* Main.storyboard in Resources */ = {isa = PBXBuildFile; fileRef = E135B490288A4A4200BAB6D9 /* Main.storyboard */; };
		E135B494288A4A4300BAB6D9 /* Assets.xcassets in Resources */ = {isa = PBXBuildFile; fileRef = E135B493288A4A4300BAB6D9 /* Assets.xcassets */; };
		E135B497288A4A4300BAB6D9 /* LaunchScreen.storyboard in Resources */ = {isa = PBXBuildFile; fileRef = E135B495288A4A4300BAB6D9 /* LaunchScreen.storyboard */; };
		E135B49A288A4A4300BAB6D9 /* main.m in Sources */ = {isa = PBXBuildFile; fileRef = E135B499288A4A4300BAB6D9 /* main.m */; };
		E135B4A4288A4A4300BAB6D9 /* SmartServiceCloudTests.m in Sources */ = {isa = PBXBuildFile; fileRef = E135B4A3288A4A4300BAB6D9 /* SmartServiceCloudTests.m */; };
		E135B4AE288A4A4300BAB6D9 /* SmartServiceCloudUITests.m in Sources */ = {isa = PBXBuildFile; fileRef = E135B4AD288A4A4300BAB6D9 /* SmartServiceCloudUITests.m */; };
		E135B4B0288A4A4300BAB6D9 /* SmartServiceCloudUITestsLaunchTests.m in Sources */ = {isa = PBXBuildFile; fileRef = E135B4AF288A4A4300BAB6D9 /* SmartServiceCloudUITestsLaunchTests.m */; };
		E135B5DB288A6C2900BAB6D9 /* AppDelegate+launchOptions.m in Sources */ = {isa = PBXBuildFile; fileRef = E135B5DA288A6C2900BAB6D9 /* AppDelegate+launchOptions.m */; };
		E15FA98B289D51DE00E6BA56 /* QMUIConfigurationTemplateGrass.m in Sources */ = {isa = PBXBuildFile; fileRef = E15FA97E289D51DE00E6BA56 /* QMUIConfigurationTemplateGrass.m */; };
		E15FA98C289D51DE00E6BA56 /* QMUIConfigurationTemplateDark.m in Sources */ = {isa = PBXBuildFile; fileRef = E15FA980289D51DE00E6BA56 /* QMUIConfigurationTemplateDark.m */; };
		E15FA98E289D51DE00E6BA56 /* QMUIConfigurationTemplate.m in Sources */ = {isa = PBXBuildFile; fileRef = E15FA984289D51DE00E6BA56 /* QMUIConfigurationTemplate.m */; };
		E15FA98F289D51DE00E6BA56 /* QMUIConfigurationTemplateGrapefruit.m in Sources */ = {isa = PBXBuildFile; fileRef = E15FA987289D51DE00E6BA56 /* QMUIConfigurationTemplateGrapefruit.m */; };
		E15FA990289D51DE00E6BA56 /* QMUIConfigurationTemplatePinkRose.m in Sources */ = {isa = PBXBuildFile; fileRef = E15FA988289D51DE00E6BA56 /* QMUIConfigurationTemplatePinkRose.m */; };
/* End PBXBuildFile section */

/* Begin PBXContainerItemProxy section */
		E135B4A0288A4A4300BAB6D9 /* PBXContainerItemProxy */ = {
			isa = PBXContainerItemProxy;
			containerPortal = E135B47C288A4A4200BAB6D9 /* Project object */;
			proxyType = 1;
			remoteGlobalIDString = E135B483288A4A4200BAB6D9;
			remoteInfo = SmartServiceCloud;
		};
		E135B4AA288A4A4300BAB6D9 /* PBXContainerItemProxy */ = {
			isa = PBXContainerItemProxy;
			containerPortal = E135B47C288A4A4200BAB6D9 /* Project object */;
			proxyType = 1;
			remoteGlobalIDString = E135B483288A4A4200BAB6D9;
			remoteInfo = SmartServiceCloud;
		};
/* End PBXContainerItemProxy section */

/* Begin PBXFileReference section */
		38E1D89742BDE8700E11539B /* Pods-SmartServiceCloudTests.debug.xcconfig */ = {isa = PBXFileReference; includeInIndex = 1; lastKnownFileType = text.xcconfig; name = "Pods-SmartServiceCloudTests.debug.xcconfig"; path = "Target Support Files/Pods-SmartServiceCloudTests/Pods-SmartServiceCloudTests.debug.xcconfig"; sourceTree = "<group>"; };
		444E928B0D7CF39C2D543AFF /* Pods_SmartServiceCloud_SmartServiceCloudUITests.framework */ = {isa = PBXFileReference; explicitFileType = wrapper.framework; includeInIndex = 0; path = Pods_SmartServiceCloud_SmartServiceCloudUITests.framework; sourceTree = BUILT_PRODUCTS_DIR; };
		503FFFECDDDF101D6CA19661 /* Pods-SmartServiceCloud.release.xcconfig */ = {isa = PBXFileReference; includeInIndex = 1; lastKnownFileType = text.xcconfig; name = "Pods-SmartServiceCloud.release.xcconfig"; path = "Target Support Files/Pods-SmartServiceCloud/Pods-SmartServiceCloud.release.xcconfig"; sourceTree = "<group>"; };
		83EEA5D898B9FB1930F9648A /* Pods-SmartServiceCloudTests.release.xcconfig */ = {isa = PBXFileReference; includeInIndex = 1; lastKnownFileType = text.xcconfig; name = "Pods-SmartServiceCloudTests.release.xcconfig"; path = "Target Support Files/Pods-SmartServiceCloudTests/Pods-SmartServiceCloudTests.release.xcconfig"; sourceTree = "<group>"; };
		9DC755EEB7080CEE85843CB8 /* Pods-SmartServiceCloud-SmartServiceCloudUITests.release.xcconfig */ = {isa = PBXFileReference; includeInIndex = 1; lastKnownFileType = text.xcconfig; name = "Pods-SmartServiceCloud-SmartServiceCloudUITests.release.xcconfig"; path = "Target Support Files/Pods-SmartServiceCloud-SmartServiceCloudUITests/Pods-SmartServiceCloud-SmartServiceCloudUITests.release.xcconfig"; sourceTree = "<group>"; };
		BB25C5238FCC8AA438164DF4 /* Pods_SmartServiceCloudTests.framework */ = {isa = PBXFileReference; explicitFileType = wrapper.framework; includeInIndex = 0; path = Pods_SmartServiceCloudTests.framework; sourceTree = BUILT_PRODUCTS_DIR; };
		CADBE29DA76FB3FF62BEB354 /* Pods-SmartServiceCloud.debug.xcconfig */ = {isa = PBXFileReference; includeInIndex = 1; lastKnownFileType = text.xcconfig; name = "Pods-SmartServiceCloud.debug.xcconfig"; path = "Target Support Files/Pods-SmartServiceCloud/Pods-SmartServiceCloud.debug.xcconfig"; sourceTree = "<group>"; };
		E1348272289FB9930068B06A /* AVFoundation.framework */ = {isa = PBXFileReference; lastKnownFileType = wrapper.framework; name = AVFoundation.framework; path = System/Library/Frameworks/AVFoundation.framework; sourceTree = SDKROOT; };
		E135B484288A4A4200BAB6D9 /* SmartServiceCloud.app */ = {isa = PBXFileReference; explicitFileType = wrapper.application; includeInIndex = 0; path = SmartServiceCloud.app; sourceTree = BUILT_PRODUCTS_DIR; };
		E135B487288A4A4200BAB6D9 /* AppDelegate.h */ = {isa = PBXFileReference; lastKnownFileType = sourcecode.c.h; path = AppDelegate.h; sourceTree = "<group>"; };
		E135B488288A4A4200BAB6D9 /* AppDelegate.m */ = {isa = PBXFileReference; lastKnownFileType = sourcecode.c.objc; path = AppDelegate.m; sourceTree = "<group>"; };
		E135B491288A4A4200BAB6D9 /* Base */ = {isa = PBXFileReference; lastKnownFileType = file.storyboard; name = Base; path = Base.lproj/Main.storyboard; sourceTree = "<group>"; };
		E135B493288A4A4300BAB6D9 /* Assets.xcassets */ = {isa = PBXFileReference; lastKnownFileType = folder.assetcatalog; path = Assets.xcassets; sourceTree = "<group>"; };
		E135B496288A4A4300BAB6D9 /* Base */ = {isa = PBXFileReference; lastKnownFileType = file.storyboard; name = Base; path = Base.lproj/LaunchScreen.storyboard; sourceTree = "<group>"; };
		E135B498288A4A4300BAB6D9 /* Info.plist */ = {isa = PBXFileReference; lastKnownFileType = text.plist.xml; path = Info.plist; sourceTree = "<group>"; };
		E135B499288A4A4300BAB6D9 /* main.m */ = {isa = PBXFileReference; lastKnownFileType = sourcecode.c.objc; path = main.m; sourceTree = "<group>"; };
		E135B49F288A4A4300BAB6D9 /* SmartServiceCloudTests.xctest */ = {isa = PBXFileReference; explicitFileType = wrapper.cfbundle; includeInIndex = 0; path = SmartServiceCloudTests.xctest; sourceTree = BUILT_PRODUCTS_DIR; };
		E135B4A3288A4A4300BAB6D9 /* SmartServiceCloudTests.m */ = {isa = PBXFileReference; lastKnownFileType = sourcecode.c.objc; path = SmartServiceCloudTests.m; sourceTree = "<group>"; };
		E135B4A9288A4A4300BAB6D9 /* SmartServiceCloudUITests.xctest */ = {isa = PBXFileReference; explicitFileType = wrapper.cfbundle; includeInIndex = 0; path = SmartServiceCloudUITests.xctest; sourceTree = BUILT_PRODUCTS_DIR; };
		E135B4AD288A4A4300BAB6D9 /* SmartServiceCloudUITests.m */ = {isa = PBXFileReference; lastKnownFileType = sourcecode.c.objc; path = SmartServiceCloudUITests.m; sourceTree = "<group>"; };
		E135B4AF288A4A4300BAB6D9 /* SmartServiceCloudUITestsLaunchTests.m */ = {isa = PBXFileReference; lastKnownFileType = sourcecode.c.objc; path = SmartServiceCloudUITestsLaunchTests.m; sourceTree = "<group>"; };
		E135B58F288A68E700BAB6D9 /* SmartServiceCloud.pch */ = {isa = PBXFileReference; fileEncoding = 4; lastKnownFileType = sourcecode.c.h; path = SmartServiceCloud.pch; sourceTree = "<group>"; };
		E135B5D9288A6C2900BAB6D9 /* AppDelegate+launchOptions.h */ = {isa = PBXFileReference; lastKnownFileType = sourcecode.c.h; path = "AppDelegate+launchOptions.h"; sourceTree = "<group>"; };
		E135B5DA288A6C2900BAB6D9 /* AppDelegate+launchOptions.m */ = {isa = PBXFileReference; lastKnownFileType = sourcecode.c.objc; path = "AppDelegate+launchOptions.m"; sourceTree = "<group>"; };
		E15FA97E289D51DE00E6BA56 /* QMUIConfigurationTemplateGrass.m */ = {isa = PBXFileReference; fileEncoding = 4; lastKnownFileType = sourcecode.c.objc; path = QMUIConfigurationTemplateGrass.m; sourceTree = "<group>"; };
		E15FA980289D51DE00E6BA56 /* QMUIConfigurationTemplateDark.m */ = {isa = PBXFileReference; fileEncoding = 4; lastKnownFileType = sourcecode.c.objc; path = QMUIConfigurationTemplateDark.m; sourceTree = "<group>"; };
		E15FA981289D51DE00E6BA56 /* QMUIConfigurationTemplateGrapefruit.h */ = {isa = PBXFileReference; fileEncoding = 4; lastKnownFileType = sourcecode.c.h; path = QMUIConfigurationTemplateGrapefruit.h; sourceTree = "<group>"; };
		E15FA984289D51DE00E6BA56 /* QMUIConfigurationTemplate.m */ = {isa = PBXFileReference; fileEncoding = 4; lastKnownFileType = sourcecode.c.objc; path = QMUIConfigurationTemplate.m; sourceTree = "<group>"; };
		E15FA985289D51DE00E6BA56 /* QMUIConfigurationTemplate.h */ = {isa = PBXFileReference; fileEncoding = 4; lastKnownFileType = sourcecode.c.h; path = QMUIConfigurationTemplate.h; sourceTree = "<group>"; };
		E15FA986289D51DE00E6BA56 /* QMUIConfigurationTemplateGrass.h */ = {isa = PBXFileReference; fileEncoding = 4; lastKnownFileType = sourcecode.c.h; path = QMUIConfigurationTemplateGrass.h; sourceTree = "<group>"; };
		E15FA987289D51DE00E6BA56 /* QMUIConfigurationTemplateGrapefruit.m */ = {isa = PBXFileReference; fileEncoding = 4; lastKnownFileType = sourcecode.c.objc; path = QMUIConfigurationTemplateGrapefruit.m; sourceTree = "<group>"; };
		E15FA988289D51DE00E6BA56 /* QMUIConfigurationTemplatePinkRose.m */ = {isa = PBXFileReference; fileEncoding = 4; lastKnownFileType = sourcecode.c.objc; path = QMUIConfigurationTemplatePinkRose.m; sourceTree = "<group>"; };
		E15FA989289D51DE00E6BA56 /* QMUIConfigurationTemplateDark.h */ = {isa = PBXFileReference; fileEncoding = 4; lastKnownFileType = sourcecode.c.h; path = QMUIConfigurationTemplateDark.h; sourceTree = "<group>"; };
		E15FA98A289D51DE00E6BA56 /* QMUIConfigurationTemplatePinkRose.h */ = {isa = PBXFileReference; fileEncoding = 4; lastKnownFileType = sourcecode.c.h; path = QMUIConfigurationTemplatePinkRose.h; sourceTree = "<group>"; };
		E1E088BE5BECBE3475116803 /* Pods_SmartServiceCloud.framework */ = {isa = PBXFileReference; explicitFileType = wrapper.framework; includeInIndex = 0; path = Pods_SmartServiceCloud.framework; sourceTree = BUILT_PRODUCTS_DIR; };
		E1E2202B28A0FF2A00439DC4 /* SmartServiceCloud-Bridging-Header.h */ = {isa = PBXFileReference; lastKnownFileType = sourcecode.c.h; path = "SmartServiceCloud-Bridging-Header.h"; sourceTree = "<group>"; };
		E217897395083EFCB6295E6E /* Pods-SmartServiceCloud-SmartServiceCloudUITests.debug.xcconfig */ = {isa = PBXFileReference; includeInIndex = 1; lastKnownFileType = text.xcconfig; name = "Pods-SmartServiceCloud-SmartServiceCloudUITests.debug.xcconfig"; path = "Target Support Files/Pods-SmartServiceCloud-SmartServiceCloudUITests/Pods-SmartServiceCloud-SmartServiceCloudUITests.debug.xcconfig"; sourceTree = "<group>"; };
/* End PBXFileReference section */

/* Begin PBXFrameworksBuildPhase section */
		E135B481288A4A4200BAB6D9 /* Frameworks */ = {
			isa = PBXFrameworksBuildPhase;
			buildActionMask = 2147483647;
			files = (
				E1348273289FB9930068B06A /* AVFoundation.framework in Frameworks */,
				757E40B64157311EAECBE0B7 /* Pods_SmartServiceCloud.framework in Frameworks */,
			);
			runOnlyForDeploymentPostprocessing = 0;
		};
		E135B49C288A4A4300BAB6D9 /* Frameworks */ = {
			isa = PBXFrameworksBuildPhase;
			buildActionMask = 2147483647;
			files = (
				A57404761C42E5E7D9111279 /* Pods_SmartServiceCloudTests.framework in Frameworks */,
			);
			runOnlyForDeploymentPostprocessing = 0;
		};
		E135B4A6288A4A4300BAB6D9 /* Frameworks */ = {
			isa = PBXFrameworksBuildPhase;
			buildActionMask = 2147483647;
			files = (
				4DABF4EEAB24264B75B4CB9D /* Pods_SmartServiceCloud_SmartServiceCloudUITests.framework in Frameworks */,
			);
			runOnlyForDeploymentPostprocessing = 0;
		};
/* End PBXFrameworksBuildPhase section */

/* Begin PBXGroup section */
		53A5E317942016F8A97433B6 /* Pods */ = {
			isa = PBXGroup;
			children = (
				CADBE29DA76FB3FF62BEB354 /* Pods-SmartServiceCloud.debug.xcconfig */,
				503FFFECDDDF101D6CA19661 /* Pods-SmartServiceCloud.release.xcconfig */,
				E217897395083EFCB6295E6E /* Pods-SmartServiceCloud-SmartServiceCloudUITests.debug.xcconfig */,
				9DC755EEB7080CEE85843CB8 /* Pods-SmartServiceCloud-SmartServiceCloudUITests.release.xcconfig */,
				38E1D89742BDE8700E11539B /* Pods-SmartServiceCloudTests.debug.xcconfig */,
				83EEA5D898B9FB1930F9648A /* Pods-SmartServiceCloudTests.release.xcconfig */,
			);
			path = Pods;
			sourceTree = "<group>";
		};
		9F619132F9FF338F48439C6A /* Frameworks */ = {
			isa = PBXGroup;
			children = (
				E1348272289FB9930068B06A /* AVFoundation.framework */,
				E1E088BE5BECBE3475116803 /* Pods_SmartServiceCloud.framework */,
				444E928B0D7CF39C2D543AFF /* Pods_SmartServiceCloud_SmartServiceCloudUITests.framework */,
				BB25C5238FCC8AA438164DF4 /* Pods_SmartServiceCloudTests.framework */,
			);
			name = Frameworks;
			sourceTree = "<group>";
		};
		E135B47B288A4A4200BAB6D9 = {
			isa = PBXGroup;
			children = (
				E135B486288A4A4200BAB6D9 /* SmartServiceCloud */,
				E135B4A2288A4A4300BAB6D9 /* SmartServiceCloudTests */,
				E135B4AC288A4A4300BAB6D9 /* SmartServiceCloudUITests */,
				E135B485288A4A4200BAB6D9 /* Products */,
				53A5E317942016F8A97433B6 /* Pods */,
				9F619132F9FF338F48439C6A /* Frameworks */,
			);
			sourceTree = "<group>";
		};
		E135B485288A4A4200BAB6D9 /* Products */ = {
			isa = PBXGroup;
			children = (
				E135B484288A4A4200BAB6D9 /* SmartServiceCloud.app */,
				E135B49F288A4A4300BAB6D9 /* SmartServiceCloudTests.xctest */,
				E135B4A9288A4A4300BAB6D9 /* SmartServiceCloudUITests.xctest */,
			);
			name = Products;
			sourceTree = "<group>";
		};
		E135B486288A4A4200BAB6D9 /* SmartServiceCloud */ = {
			isa = PBXGroup;
			children = (
				E135B58F288A68E700BAB6D9 /* SmartServiceCloud.pch */,
				E1E2202B28A0FF2A00439DC4 /* SmartServiceCloud-Bridging-Header.h */,
				E15FA97D289D51BE00E6BA56 /* HZThemeConfiguration */,
				E135B487288A4A4200BAB6D9 /* AppDelegate.h */,
				E135B488288A4A4200BAB6D9 /* AppDelegate.m */,
				E135B5D9288A6C2900BAB6D9 /* AppDelegate+launchOptions.h */,
				E135B5DA288A6C2900BAB6D9 /* AppDelegate+launchOptions.m */,
				E135B490288A4A4200BAB6D9 /* Main.storyboard */,
				E135B493288A4A4300BAB6D9 /* Assets.xcassets */,
				E135B495288A4A4300BAB6D9 /* LaunchScreen.storyboard */,
				E135B498288A4A4300BAB6D9 /* Info.plist */,
				E135B499288A4A4300BAB6D9 /* main.m */,
			);
			path = SmartServiceCloud;
			sourceTree = "<group>";
		};
		E135B4A2288A4A4300BAB6D9 /* SmartServiceCloudTests */ = {
			isa = PBXGroup;
			children = (
				E135B4A3288A4A4300BAB6D9 /* SmartServiceCloudTests.m */,
			);
			path = SmartServiceCloudTests;
			sourceTree = "<group>";
		};
		E135B4AC288A4A4300BAB6D9 /* SmartServiceCloudUITests */ = {
			isa = PBXGroup;
			children = (
				E135B4AD288A4A4300BAB6D9 /* SmartServiceCloudUITests.m */,
				E135B4AF288A4A4300BAB6D9 /* SmartServiceCloudUITestsLaunchTests.m */,
			);
			path = SmartServiceCloudUITests;
			sourceTree = "<group>";
		};
		E15FA97D289D51BE00E6BA56 /* HZThemeConfiguration */ = {
			isa = PBXGroup;
			children = (
				E15FA985289D51DE00E6BA56 /* QMUIConfigurationTemplate.h */,
				E15FA984289D51DE00E6BA56 /* QMUIConfigurationTemplate.m */,
				E15FA989289D51DE00E6BA56 /* QMUIConfigurationTemplateDark.h */,
				E15FA980289D51DE00E6BA56 /* QMUIConfigurationTemplateDark.m */,
				E15FA981289D51DE00E6BA56 /* QMUIConfigurationTemplateGrapefruit.h */,
				E15FA987289D51DE00E6BA56 /* QMUIConfigurationTemplateGrapefruit.m */,
				E15FA986289D51DE00E6BA56 /* QMUIConfigurationTemplateGrass.h */,
				E15FA97E289D51DE00E6BA56 /* QMUIConfigurationTemplateGrass.m */,
				E15FA98A289D51DE00E6BA56 /* QMUIConfigurationTemplatePinkRose.h */,
				E15FA988289D51DE00E6BA56 /* QMUIConfigurationTemplatePinkRose.m */,
			);
			path = HZThemeConfiguration;
			sourceTree = "<group>";
		};
/* End PBXGroup section */

/* Begin PBXNativeTarget section */
		E135B483288A4A4200BAB6D9 /* SmartServiceCloud */ = {
			isa = PBXNativeTarget;
			buildConfigurationList = E135B4B3288A4A4300BAB6D9 /* Build configuration list for PBXNativeTarget "SmartServiceCloud" */;
			buildPhases = (
				E9487306E098C2ADB9CF3524 /* [CP] Check Pods Manifest.lock */,
				E135B480288A4A4200BAB6D9 /* Sources */,
				E135B481288A4A4200BAB6D9 /* Frameworks */,
				E135B482288A4A4200BAB6D9 /* Resources */,
				8028D359D4AC264E0ED1B8A8 /* [CP] Embed Pods Frameworks */,
			);
			buildRules = (
			);
			dependencies = (
			);
			name = SmartServiceCloud;
			productName = SmartServiceCloud;
			productReference = E135B484288A4A4200BAB6D9 /* SmartServiceCloud.app */;
			productType = "com.apple.product-type.application";
		};
		E135B49E288A4A4300BAB6D9 /* SmartServiceCloudTests */ = {
			isa = PBXNativeTarget;
			buildConfigurationList = E135B4B6288A4A4300BAB6D9 /* Build configuration list for PBXNativeTarget "SmartServiceCloudTests" */;
			buildPhases = (
				DE06F00F6B1E0F4B7D277D36 /* [CP] Check Pods Manifest.lock */,
				E135B49B288A4A4300BAB6D9 /* Sources */,
				E135B49C288A4A4300BAB6D9 /* Frameworks */,
				E135B49D288A4A4300BAB6D9 /* Resources */,
			);
			buildRules = (
			);
			dependencies = (
				E135B4A1288A4A4300BAB6D9 /* PBXTargetDependency */,
			);
			name = SmartServiceCloudTests;
			productName = SmartServiceCloudTests;
			productReference = E135B49F288A4A4300BAB6D9 /* SmartServiceCloudTests.xctest */;
			productType = "com.apple.product-type.bundle.unit-test";
		};
		E135B4A8288A4A4300BAB6D9 /* SmartServiceCloudUITests */ = {
			isa = PBXNativeTarget;
			buildConfigurationList = E135B4B9288A4A4300BAB6D9 /* Build configuration list for PBXNativeTarget "SmartServiceCloudUITests" */;
			buildPhases = (
				8731C68A4241B25DE2AB7387 /* [CP] Check Pods Manifest.lock */,
				E135B4A5288A4A4300BAB6D9 /* Sources */,
				E135B4A6288A4A4300BAB6D9 /* Frameworks */,
				E135B4A7288A4A4300BAB6D9 /* Resources */,
				972004D531E31D97A8A48A25 /* [CP] Embed Pods Frameworks */,
			);
			buildRules = (
			);
			dependencies = (
				E135B4AB288A4A4300BAB6D9 /* PBXTargetDependency */,
			);
			name = SmartServiceCloudUITests;
			productName = SmartServiceCloudUITests;
			productReference = E135B4A9288A4A4300BAB6D9 /* SmartServiceCloudUITests.xctest */;
			productType = "com.apple.product-type.bundle.ui-testing";
		};
/* End PBXNativeTarget section */

/* Begin PBXProject section */
		E135B47C288A4A4200BAB6D9 /* Project object */ = {
			isa = PBXProject;
			attributes = {
				BuildIndependentTargetsInParallel = 1;
				CLASSPREFIX = HZ;
				LastUpgradeCheck = 1340;
				TargetAttributes = {
					E135B483288A4A4200BAB6D9 = {
						CreatedOnToolsVersion = 13.4.1;
					};
					E135B49E288A4A4300BAB6D9 = {
						CreatedOnToolsVersion = 13.4.1;
						TestTargetID = E135B483288A4A4200BAB6D9;
					};
					E135B4A8288A4A4300BAB6D9 = {
						CreatedOnToolsVersion = 13.4.1;
						TestTargetID = E135B483288A4A4200BAB6D9;
					};
				};
			};
			buildConfigurationList = E135B47F288A4A4200BAB6D9 /* Build configuration list for PBXProject "SmartServiceCloud" */;
			compatibilityVersion = "Xcode 13.0";
			developmentRegion = en;
			hasScannedForEncodings = 0;
			knownRegions = (
				en,
				Base,
			);
			mainGroup = E135B47B288A4A4200BAB6D9;
			productRefGroup = E135B485288A4A4200BAB6D9 /* Products */;
			projectDirPath = "";
			projectRoot = "";
			targets = (
				E135B483288A4A4200BAB6D9 /* SmartServiceCloud */,
				E135B49E288A4A4300BAB6D9 /* SmartServiceCloudTests */,
				E135B4A8288A4A4300BAB6D9 /* SmartServiceCloudUITests */,
			);
		};
/* End PBXProject section */

/* Begin PBXResourcesBuildPhase section */
		E135B482288A4A4200BAB6D9 /* Resources */ = {
			isa = PBXResourcesBuildPhase;
			buildActionMask = 2147483647;
			files = (
				E135B497288A4A4300BAB6D9 /* LaunchScreen.storyboard in Resources */,
				E135B494288A4A4300BAB6D9 /* Assets.xcassets in Resources */,
				E135B492288A4A4200BAB6D9 /* Main.storyboard in Resources */,
			);
			runOnlyForDeploymentPostprocessing = 0;
		};
		E135B49D288A4A4300BAB6D9 /* Resources */ = {
			isa = PBXResourcesBuildPhase;
			buildActionMask = 2147483647;
			files = (
			);
			runOnlyForDeploymentPostprocessing = 0;
		};
		E135B4A7288A4A4300BAB6D9 /* Resources */ = {
			isa = PBXResourcesBuildPhase;
			buildActionMask = 2147483647;
			files = (
			);
			runOnlyForDeploymentPostprocessing = 0;
		};
/* End PBXResourcesBuildPhase section */

/* Begin PBXShellScriptBuildPhase section */
		8028D359D4AC264E0ED1B8A8 /* [CP] Embed Pods Frameworks */ = {
			isa = PBXShellScriptBuildPhase;
			buildActionMask = 2147483647;
			files = (
			);
			inputFileListPaths = (
				"${PODS_ROOT}/Target Support Files/Pods-SmartServiceCloud/Pods-SmartServiceCloud-frameworks-${CONFIGURATION}-input-files.xcfilelist",
			);
			name = "[CP] Embed Pods Frameworks";
			outputFileListPaths = (
				"${PODS_ROOT}/Target Support Files/Pods-SmartServiceCloud/Pods-SmartServiceCloud-frameworks-${CONFIGURATION}-output-files.xcfilelist",
			);
			runOnlyForDeploymentPostprocessing = 0;
			shellPath = /bin/sh;
			shellScript = "\"${PODS_ROOT}/Target Support Files/Pods-SmartServiceCloud/Pods-SmartServiceCloud-frameworks.sh\"\n";
			showEnvVarsInLog = 0;
		};
		8731C68A4241B25DE2AB7387 /* [CP] Check Pods Manifest.lock */ = {
			isa = PBXShellScriptBuildPhase;
			buildActionMask = 2147483647;
			files = (
			);
			inputFileListPaths = (
			);
			inputPaths = (
				"${PODS_PODFILE_DIR_PATH}/Podfile.lock",
				"${PODS_ROOT}/Manifest.lock",
			);
			name = "[CP] Check Pods Manifest.lock";
			outputFileListPaths = (
			);
			outputPaths = (
				"$(DERIVED_FILE_DIR)/Pods-SmartServiceCloud-SmartServiceCloudUITests-checkManifestLockResult.txt",
			);
			runOnlyForDeploymentPostprocessing = 0;
			shellPath = /bin/sh;
			shellScript = "diff \"${PODS_PODFILE_DIR_PATH}/Podfile.lock\" \"${PODS_ROOT}/Manifest.lock\" > /dev/null\nif [ $? != 0 ] ; then\n    # print error to STDERR\n    echo \"error: The sandbox is not in sync with the Podfile.lock. Run 'pod install' or update your CocoaPods installation.\" >&2\n    exit 1\nfi\n# This output is used by Xcode 'outputs' to avoid re-running this script phase.\necho \"SUCCESS\" > \"${SCRIPT_OUTPUT_FILE_0}\"\n";
			showEnvVarsInLog = 0;
		};
		972004D531E31D97A8A48A25 /* [CP] Embed Pods Frameworks */ = {
			isa = PBXShellScriptBuildPhase;
			buildActionMask = 2147483647;
			files = (
			);
			inputFileListPaths = (
				"${PODS_ROOT}/Target Support Files/Pods-SmartServiceCloud-SmartServiceCloudUITests/Pods-SmartServiceCloud-SmartServiceCloudUITests-frameworks-${CONFIGURATION}-input-files.xcfilelist",
			);
			name = "[CP] Embed Pods Frameworks";
			outputFileListPaths = (
				"${PODS_ROOT}/Target Support Files/Pods-SmartServiceCloud-SmartServiceCloudUITests/Pods-SmartServiceCloud-SmartServiceCloudUITests-frameworks-${CONFIGURATION}-output-files.xcfilelist",
			);
			runOnlyForDeploymentPostprocessing = 0;
			shellPath = /bin/sh;
			shellScript = "\"${PODS_ROOT}/Target Support Files/Pods-SmartServiceCloud-SmartServiceCloudUITests/Pods-SmartServiceCloud-SmartServiceCloudUITests-frameworks.sh\"\n";
			showEnvVarsInLog = 0;
		};
		DE06F00F6B1E0F4B7D277D36 /* [CP] Check Pods Manifest.lock */ = {
			isa = PBXShellScriptBuildPhase;
			buildActionMask = 2147483647;
			files = (
			);
			inputFileListPaths = (
			);
			inputPaths = (
				"${PODS_PODFILE_DIR_PATH}/Podfile.lock",
				"${PODS_ROOT}/Manifest.lock",
			);
			name = "[CP] Check Pods Manifest.lock";
			outputFileListPaths = (
			);
			outputPaths = (
				"$(DERIVED_FILE_DIR)/Pods-SmartServiceCloudTests-checkManifestLockResult.txt",
			);
			runOnlyForDeploymentPostprocessing = 0;
			shellPath = /bin/sh;
			shellScript = "diff \"${PODS_PODFILE_DIR_PATH}/Podfile.lock\" \"${PODS_ROOT}/Manifest.lock\" > /dev/null\nif [ $? != 0 ] ; then\n    # print error to STDERR\n    echo \"error: The sandbox is not in sync with the Podfile.lock. Run 'pod install' or update your CocoaPods installation.\" >&2\n    exit 1\nfi\n# This output is used by Xcode 'outputs' to avoid re-running this script phase.\necho \"SUCCESS\" > \"${SCRIPT_OUTPUT_FILE_0}\"\n";
			showEnvVarsInLog = 0;
		};
		E9487306E098C2ADB9CF3524 /* [CP] Check Pods Manifest.lock */ = {
			isa = PBXShellScriptBuildPhase;
			buildActionMask = 2147483647;
			files = (
			);
			inputFileListPaths = (
			);
			inputPaths = (
				"${PODS_PODFILE_DIR_PATH}/Podfile.lock",
				"${PODS_ROOT}/Manifest.lock",
			);
			name = "[CP] Check Pods Manifest.lock";
			outputFileListPaths = (
			);
			outputPaths = (
				"$(DERIVED_FILE_DIR)/Pods-SmartServiceCloud-checkManifestLockResult.txt",
			);
			runOnlyForDeploymentPostprocessing = 0;
			shellPath = /bin/sh;
			shellScript = "diff \"${PODS_PODFILE_DIR_PATH}/Podfile.lock\" \"${PODS_ROOT}/Manifest.lock\" > /dev/null\nif [ $? != 0 ] ; then\n    # print error to STDERR\n    echo \"error: The sandbox is not in sync with the Podfile.lock. Run 'pod install' or update your CocoaPods installation.\" >&2\n    exit 1\nfi\n# This output is used by Xcode 'outputs' to avoid re-running this script phase.\necho \"SUCCESS\" > \"${SCRIPT_OUTPUT_FILE_0}\"\n";
			showEnvVarsInLog = 0;
		};
/* End PBXShellScriptBuildPhase section */

/* Begin PBXSourcesBuildPhase section */
		E135B480288A4A4200BAB6D9 /* Sources */ = {
			isa = PBXSourcesBuildPhase;
			buildActionMask = 2147483647;
			files = (
				E135B5DB288A6C2900BAB6D9 /* AppDelegate+launchOptions.m in Sources */,
				E135B489288A4A4200BAB6D9 /* AppDelegate.m in Sources */,
				E15FA98F289D51DE00E6BA56 /* QMUIConfigurationTemplateGrapefruit.m in Sources */,
				E15FA98C289D51DE00E6BA56 /* QMUIConfigurationTemplateDark.m in Sources */,
				E135B49A288A4A4300BAB6D9 /* main.m in Sources */,
				E15FA98E289D51DE00E6BA56 /* QMUIConfigurationTemplate.m in Sources */,
				E15FA990289D51DE00E6BA56 /* QMUIConfigurationTemplatePinkRose.m in Sources */,
				E15FA98B289D51DE00E6BA56 /* QMUIConfigurationTemplateGrass.m in Sources */,
			);
			runOnlyForDeploymentPostprocessing = 0;
		};
		E135B49B288A4A4300BAB6D9 /* Sources */ = {
			isa = PBXSourcesBuildPhase;
			buildActionMask = 2147483647;
			files = (
				E135B4A4288A4A4300BAB6D9 /* SmartServiceCloudTests.m in Sources */,
			);
			runOnlyForDeploymentPostprocessing = 0;
		};
		E135B4A5288A4A4300BAB6D9 /* Sources */ = {
			isa = PBXSourcesBuildPhase;
			buildActionMask = 2147483647;
			files = (
				E135B4B0288A4A4300BAB6D9 /* SmartServiceCloudUITestsLaunchTests.m in Sources */,
				E135B4AE288A4A4300BAB6D9 /* SmartServiceCloudUITests.m in Sources */,
			);
			runOnlyForDeploymentPostprocessing = 0;
		};
/* End PBXSourcesBuildPhase section */

/* Begin PBXTargetDependency section */
		E135B4A1288A4A4300BAB6D9 /* PBXTargetDependency */ = {
			isa = PBXTargetDependency;
			target = E135B483288A4A4200BAB6D9 /* SmartServiceCloud */;
			targetProxy = E135B4A0288A4A4300BAB6D9 /* PBXContainerItemProxy */;
		};
		E135B4AB288A4A4300BAB6D9 /* PBXTargetDependency */ = {
			isa = PBXTargetDependency;
			target = E135B483288A4A4200BAB6D9 /* SmartServiceCloud */;
			targetProxy = E135B4AA288A4A4300BAB6D9 /* PBXContainerItemProxy */;
		};
/* End PBXTargetDependency section */

/* Begin PBXVariantGroup section */
		E135B490288A4A4200BAB6D9 /* Main.storyboard */ = {
			isa = PBXVariantGroup;
			children = (
				E135B491288A4A4200BAB6D9 /* Base */,
			);
			name = Main.storyboard;
			sourceTree = "<group>";
		};
		E135B495288A4A4300BAB6D9 /* LaunchScreen.storyboard */ = {
			isa = PBXVariantGroup;
			children = (
				E135B496288A4A4300BAB6D9 /* Base */,
			);
			name = LaunchScreen.storyboard;
			sourceTree = "<group>";
		};
/* End PBXVariantGroup section */

/* Begin XCBuildConfiguration section */
		E135B4B1288A4A4300BAB6D9 /* Debug */ = {
			isa = XCBuildConfiguration;
			buildSettings = {
				ALWAYS_SEARCH_USER_PATHS = NO;
				CLANG_ANALYZER_NONNULL = YES;
				CLANG_ANALYZER_NUMBER_OBJECT_CONVERSION = YES_AGGRESSIVE;
				CLANG_CXX_LANGUAGE_STANDARD = "gnu++17";
				CLANG_ENABLE_MODULES = YES;
				CLANG_ENABLE_OBJC_ARC = YES;
				CLANG_ENABLE_OBJC_WEAK = YES;
				CLANG_WARN_BLOCK_CAPTURE_AUTORELEASING = YES;
				CLANG_WARN_BOOL_CONVERSION = YES;
				CLANG_WARN_COMMA = YES;
				CLANG_WARN_CONSTANT_CONVERSION = YES;
				CLANG_WARN_DEPRECATED_OBJC_IMPLEMENTATIONS = YES;
				CLANG_WARN_DIRECT_OBJC_ISA_USAGE = YES_ERROR;
				CLANG_WARN_DOCUMENTATION_COMMENTS = YES;
				CLANG_WARN_EMPTY_BODY = YES;
				CLANG_WARN_ENUM_CONVERSION = YES;
				CLANG_WARN_INFINITE_RECURSION = YES;
				CLANG_WARN_INT_CONVERSION = YES;
				CLANG_WARN_NON_LITERAL_NULL_CONVERSION = YES;
				CLANG_WARN_OBJC_IMPLICIT_RETAIN_SELF = YES;
				CLANG_WARN_OBJC_LITERAL_CONVERSION = YES;
				CLANG_WARN_OBJC_ROOT_CLASS = YES_ERROR;
				CLANG_WARN_QUOTED_INCLUDE_IN_FRAMEWORK_HEADER = YES;
				CLANG_WARN_RANGE_LOOP_ANALYSIS = YES;
				CLANG_WARN_STRICT_PROTOTYPES = YES;
				CLANG_WARN_SUSPICIOUS_MOVE = YES;
				CLANG_WARN_UNGUARDED_AVAILABILITY = YES_AGGRESSIVE;
				CLANG_WARN_UNREACHABLE_CODE = YES;
				CLANG_WARN__DUPLICATE_METHOD_MATCH = YES;
				COPY_PHASE_STRIP = NO;
				DEBUG_INFORMATION_FORMAT = dwarf;
				ENABLE_STRICT_OBJC_MSGSEND = YES;
				ENABLE_TESTABILITY = YES;
				GCC_C_LANGUAGE_STANDARD = gnu11;
				GCC_DYNAMIC_NO_PIC = NO;
				GCC_NO_COMMON_BLOCKS = YES;
				GCC_OPTIMIZATION_LEVEL = 0;
				GCC_PREPROCESSOR_DEFINITIONS = (
					"DEBUG=1",
					"$(inherited)",
				);
				GCC_WARN_64_TO_32_BIT_CONVERSION = YES;
				GCC_WARN_ABOUT_RETURN_TYPE = YES_ERROR;
				GCC_WARN_UNDECLARED_SELECTOR = YES;
				GCC_WARN_UNINITIALIZED_AUTOS = YES_AGGRESSIVE;
				GCC_WARN_UNUSED_FUNCTION = YES;
				GCC_WARN_UNUSED_VARIABLE = YES;
				IPHONEOS_DEPLOYMENT_TARGET = 15.5;
				MTL_ENABLE_DEBUG_INFO = INCLUDE_SOURCE;
				MTL_FAST_MATH = YES;
				ONLY_ACTIVE_ARCH = YES;
				SDKROOT = iphoneos;
			};
			name = Debug;
		};
		E135B4B2288A4A4300BAB6D9 /* Release */ = {
			isa = XCBuildConfiguration;
			buildSettings = {
				ALWAYS_SEARCH_USER_PATHS = NO;
				CLANG_ANALYZER_NONNULL = YES;
				CLANG_ANALYZER_NUMBER_OBJECT_CONVERSION = YES_AGGRESSIVE;
				CLANG_CXX_LANGUAGE_STANDARD = "gnu++17";
				CLANG_ENABLE_MODULES = YES;
				CLANG_ENABLE_OBJC_ARC = YES;
				CLANG_ENABLE_OBJC_WEAK = YES;
				CLANG_WARN_BLOCK_CAPTURE_AUTORELEASING = YES;
				CLANG_WARN_BOOL_CONVERSION = YES;
				CLANG_WARN_COMMA = YES;
				CLANG_WARN_CONSTANT_CONVERSION = YES;
				CLANG_WARN_DEPRECATED_OBJC_IMPLEMENTATIONS = YES;
				CLANG_WARN_DIRECT_OBJC_ISA_USAGE = YES_ERROR;
				CLANG_WARN_DOCUMENTATION_COMMENTS = YES;
				CLANG_WARN_EMPTY_BODY = YES;
				CLANG_WARN_ENUM_CONVERSION = YES;
				CLANG_WARN_INFINITE_RECURSION = YES;
				CLANG_WARN_INT_CONVERSION = YES;
				CLANG_WARN_NON_LITERAL_NULL_CONVERSION = YES;
				CLANG_WARN_OBJC_IMPLICIT_RETAIN_SELF = YES;
				CLANG_WARN_OBJC_LITERAL_CONVERSION = YES;
				CLANG_WARN_OBJC_ROOT_CLASS = YES_ERROR;
				CLANG_WARN_QUOTED_INCLUDE_IN_FRAMEWORK_HEADER = YES;
				CLANG_WARN_RANGE_LOOP_ANALYSIS = YES;
				CLANG_WARN_STRICT_PROTOTYPES = YES;
				CLANG_WARN_SUSPICIOUS_MOVE = YES;
				CLANG_WARN_UNGUARDED_AVAILABILITY = YES_AGGRESSIVE;
				CLANG_WARN_UNREACHABLE_CODE = YES;
				CLANG_WARN__DUPLICATE_METHOD_MATCH = YES;
				COPY_PHASE_STRIP = NO;
				DEBUG_INFORMATION_FORMAT = "dwarf-with-dsym";
				ENABLE_NS_ASSERTIONS = NO;
				ENABLE_STRICT_OBJC_MSGSEND = YES;
				GCC_C_LANGUAGE_STANDARD = gnu11;
				GCC_NO_COMMON_BLOCKS = YES;
				GCC_WARN_64_TO_32_BIT_CONVERSION = YES;
				GCC_WARN_ABOUT_RETURN_TYPE = YES_ERROR;
				GCC_WARN_UNDECLARED_SELECTOR = YES;
				GCC_WARN_UNINITIALIZED_AUTOS = YES_AGGRESSIVE;
				GCC_WARN_UNUSED_FUNCTION = YES;
				GCC_WARN_UNUSED_VARIABLE = YES;
				IPHONEOS_DEPLOYMENT_TARGET = 15.5;
				MTL_ENABLE_DEBUG_INFO = NO;
				MTL_FAST_MATH = YES;
				SDKROOT = iphoneos;
				SWIFT_COMPILATION_MODE = wholemodule;
				VALIDATE_PRODUCT = YES;
			};
			name = Release;
		};
		E135B4B4288A4A4300BAB6D9 /* Debug */ = {
			isa = XCBuildConfiguration;
			baseConfigurationReference = CADBE29DA76FB3FF62BEB354 /* Pods-SmartServiceCloud.debug.xcconfig */;
			buildSettings = {
				ASSETCATALOG_COMPILER_APPICON_NAME = AppIcon;
				ASSETCATALOG_COMPILER_GLOBAL_ACCENT_COLOR_NAME = AccentColor;
				CODE_SIGN_IDENTITY = "iPhone Developer";
				CODE_SIGN_STYLE = Manual;
				CURRENT_PROJECT_VERSION = 1;
				DEVELOPMENT_TEAM = JK6DU7A7HA;
				GCC_PRECOMPILE_PREFIX_HEADER = YES;
				GCC_PREFIX_HEADER = "$(SRCROOT)/SmartServiceCloud/SmartServiceCloud.pch";
				GENERATE_INFOPLIST_FILE = YES;
				INFOPLIST_FILE = SmartServiceCloud/Info.plist;
				INFOPLIST_KEY_CFBundleDisplayName = SmartServiceCloud;
				INFOPLIST_KEY_UIApplicationSupportsIndirectInputEvents = YES;
				INFOPLIST_KEY_UILaunchStoryboardName = LaunchScreen;
				INFOPLIST_KEY_UISupportedInterfaceOrientations = UIInterfaceOrientationPortrait;
				INFOPLIST_KEY_UISupportedInterfaceOrientations_iPad = "UIInterfaceOrientationPortrait UIInterfaceOrientationPortraitUpsideDown UIInterfaceOrientationLandscapeLeft UIInterfaceOrientationLandscapeRight";
				INFOPLIST_KEY_UISupportedInterfaceOrientations_iPhone = "UIInterfaceOrientationPortrait UIInterfaceOrientationLandscapeLeft UIInterfaceOrientationLandscapeRight";
				IPHONEOS_DEPLOYMENT_TARGET = 12.0;
				LD_RUNPATH_SEARCH_PATHS = (
					"$(inherited)",
					"@executable_path/Frameworks",
				);
				MARKETING_VERSION = 1.0;
				PRODUCT_BUNDLE_IDENTIFIER = com.ccdt.SmartServiceCloud;
				PRODUCT_NAME = "$(TARGET_NAME)";
				PROVISIONING_PROFILE_SPECIFIER = com.ccdt.SmartServiceCloud;
				SWIFT_EMIT_LOC_STRINGS = YES;
				SWIFT_OBJC_BRIDGING_HEADER = "SmartServiceCloud/SmartServiceCloud-Bridging-Header.h";
				SWIFT_VERSION = 4.0;
				TARGETED_DEVICE_FAMILY = 1;
			};
			name = Debug;
		};
		E135B4B5288A4A4300BAB6D9 /* Release */ = {
			isa = XCBuildConfiguration;
			baseConfigurationReference = 503FFFECDDDF101D6CA19661 /* Pods-SmartServiceCloud.release.xcconfig */;
			buildSettings = {
				ASSETCATALOG_COMPILER_APPICON_NAME = AppIcon;
				ASSETCATALOG_COMPILER_GLOBAL_ACCENT_COLOR_NAME = AccentColor;
				CODE_SIGN_IDENTITY = "iPhone Developer";
				CODE_SIGN_STYLE = Manual;
				CURRENT_PROJECT_VERSION = 1;
				DEVELOPMENT_TEAM = JK6DU7A7HA;
				GCC_PRECOMPILE_PREFIX_HEADER = YES;
				GCC_PREFIX_HEADER = "$(SRCROOT)/SmartServiceCloud/SmartServiceCloud.pch";
				GENERATE_INFOPLIST_FILE = YES;
				INFOPLIST_FILE = SmartServiceCloud/Info.plist;
				INFOPLIST_KEY_CFBundleDisplayName = SmartServiceCloud;
				INFOPLIST_KEY_UIApplicationSupportsIndirectInputEvents = YES;
				INFOPLIST_KEY_UILaunchStoryboardName = LaunchScreen;
				INFOPLIST_KEY_UISupportedInterfaceOrientations = UIInterfaceOrientationPortrait;
				INFOPLIST_KEY_UISupportedInterfaceOrientations_iPad = "UIInterfaceOrientationPortrait UIInterfaceOrientationPortraitUpsideDown UIInterfaceOrientationLandscapeLeft UIInterfaceOrientationLandscapeRight";
				INFOPLIST_KEY_UISupportedInterfaceOrientations_iPhone = "UIInterfaceOrientationPortrait UIInterfaceOrientationLandscapeLeft UIInterfaceOrientationLandscapeRight";
				IPHONEOS_DEPLOYMENT_TARGET = 12.0;
				LD_RUNPATH_SEARCH_PATHS = (
					"$(inherited)",
					"@executable_path/Frameworks",
				);
				MARKETING_VERSION = 1.0;
				PRODUCT_BUNDLE_IDENTIFIER = com.ccdt.SmartServiceCloud;
				PRODUCT_NAME = "$(TARGET_NAME)";
				PROVISIONING_PROFILE_SPECIFIER = com.ccdt.SmartServiceCloud;
				SWIFT_EMIT_LOC_STRINGS = YES;
				SWIFT_OBJC_BRIDGING_HEADER = "SmartServiceCloud/SmartServiceCloud-Bridging-Header.h";
				SWIFT_VERSION = 4.0;
				TARGETED_DEVICE_FAMILY = 1;
			};
			name = Release;
		};
		E135B4B7288A4A4300BAB6D9 /* Debug */ = {
			isa = XCBuildConfiguration;
			baseConfigurationReference = 38E1D89742BDE8700E11539B /* Pods-SmartServiceCloudTests.debug.xcconfig */;
			buildSettings = {
				BUNDLE_LOADER = "$(TEST_HOST)";
				CODE_SIGN_STYLE = Automatic;
				CURRENT_PROJECT_VERSION = 1;
				DEVELOPMENT_TEAM = JK6DU7A7HA;
				GENERATE_INFOPLIST_FILE = YES;
				IPHONEOS_DEPLOYMENT_TARGET = 15.5;
				MARKETING_VERSION = 1.0;
				PRODUCT_BUNDLE_IDENTIFIER = com.ccdt.SmartServiceCloud.SmartServiceCloudTests;
				PRODUCT_NAME = "$(TARGET_NAME)";
				SWIFT_EMIT_LOC_STRINGS = NO;
				TARGETED_DEVICE_FAMILY = "1,2";
				TEST_HOST = "$(BUILT_PRODUCTS_DIR)/SmartServiceCloud.app/SmartServiceCloud";
			};
			name = Debug;
		};
		E135B4B8288A4A4300BAB6D9 /* Release */ = {
			isa = XCBuildConfiguration;
			baseConfigurationReference = 83EEA5D898B9FB1930F9648A /* Pods-SmartServiceCloudTests.release.xcconfig */;
			buildSettings = {
				BUNDLE_LOADER = "$(TEST_HOST)";
				CODE_SIGN_STYLE = Automatic;
				CURRENT_PROJECT_VERSION = 1;
				DEVELOPMENT_TEAM = JK6DU7A7HA;
				GENERATE_INFOPLIST_FILE = YES;
				IPHONEOS_DEPLOYMENT_TARGET = 15.5;
				MARKETING_VERSION = 1.0;
				PRODUCT_BUNDLE_IDENTIFIER = com.ccdt.SmartServiceCloud.SmartServiceCloudTests;
				PRODUCT_NAME = "$(TARGET_NAME)";
				SWIFT_EMIT_LOC_STRINGS = NO;
				TARGETED_DEVICE_FAMILY = "1,2";
				TEST_HOST = "$(BUILT_PRODUCTS_DIR)/SmartServiceCloud.app/SmartServiceCloud";
			};
			name = Release;
		};
		E135B4BA288A4A4300BAB6D9 /* Debug */ = {
			isa = XCBuildConfiguration;
			baseConfigurationReference = E217897395083EFCB6295E6E /* Pods-SmartServiceCloud-SmartServiceCloudUITests.debug.xcconfig */;
			buildSettings = {
				CODE_SIGN_STYLE = Automatic;
				CURRENT_PROJECT_VERSION = 1;
				DEVELOPMENT_TEAM = JK6DU7A7HA;
				GENERATE_INFOPLIST_FILE = YES;
				MARKETING_VERSION = 1.0;
				PRODUCT_BUNDLE_IDENTIFIER = com.ccdt.SmartServiceCloud.SmartServiceCloudUITests;
				PRODUCT_NAME = "$(TARGET_NAME)";
				SWIFT_EMIT_LOC_STRINGS = NO;
				TARGETED_DEVICE_FAMILY = "1,2";
				TEST_TARGET_NAME = SmartServiceCloud;
			};
			name = Debug;
		};
		E135B4BB288A4A4300BAB6D9 /* Release */ = {
			isa = XCBuildConfiguration;
			baseConfigurationReference = 9DC755EEB7080CEE85843CB8 /* Pods-SmartServiceCloud-SmartServiceCloudUITests.release.xcconfig */;
			buildSettings = {
				CODE_SIGN_STYLE = Automatic;
				CURRENT_PROJECT_VERSION = 1;
				DEVELOPMENT_TEAM = JK6DU7A7HA;
				GENERATE_INFOPLIST_FILE = YES;
				MARKETING_VERSION = 1.0;
				PRODUCT_BUNDLE_IDENTIFIER = com.ccdt.SmartServiceCloud.SmartServiceCloudUITests;
				PRODUCT_NAME = "$(TARGET_NAME)";
				SWIFT_EMIT_LOC_STRINGS = NO;
				TARGETED_DEVICE_FAMILY = "1,2";
				TEST_TARGET_NAME = SmartServiceCloud;
			};
			name = Release;
		};
/* End XCBuildConfiguration section */

/* Begin XCConfigurationList section */
		E135B47F288A4A4200BAB6D9 /* Build configuration list for PBXProject "SmartServiceCloud" */ = {
			isa = XCConfigurationList;
			buildConfigurations = (
				E135B4B1288A4A4300BAB6D9 /* Debug */,
				E135B4B2288A4A4300BAB6D9 /* Release */,
			);
			defaultConfigurationIsVisible = 0;
			defaultConfigurationName = Release;
		};
		E135B4B3288A4A4300BAB6D9 /* Build configuration list for PBXNativeTarget "SmartServiceCloud" */ = {
			isa = XCConfigurationList;
			buildConfigurations = (
				E135B4B4288A4A4300BAB6D9 /* Debug */,
				E135B4B5288A4A4300BAB6D9 /* Release */,
			);
			defaultConfigurationIsVisible = 0;
			defaultConfigurationName = Release;
		};
		E135B4B6288A4A4300BAB6D9 /* Build configuration list for PBXNativeTarget "SmartServiceCloudTests" */ = {
			isa = XCConfigurationList;
			buildConfigurations = (
				E135B4B7288A4A4300BAB6D9 /* Debug */,
				E135B4B8288A4A4300BAB6D9 /* Release */,
			);
			defaultConfigurationIsVisible = 0;
			defaultConfigurationName = Release;
		};
		E135B4B9288A4A4300BAB6D9 /* Build configuration list for PBXNativeTarget "SmartServiceCloudUITests" */ = {
			isa = XCConfigurationList;
			buildConfigurations = (
				E135B4BA288A4A4300BAB6D9 /* Debug */,
				E135B4BB288A4A4300BAB6D9 /* Release */,
			);
			defaultConfigurationIsVisible = 0;
			defaultConfigurationName = Release;
		};
/* End XCConfigurationList section */
	};
	rootObject = E135B47C288A4A4200BAB6D9 /* Project object */;
}
